<?xml version="1.0" encoding="UTF-8"?>
<!DOCTYPE plist PUBLIC "-//Apple//DTD PLIST 1.0//EN" "http://www.apple.com/DTDs/PropertyList-1.0.dtd">
<plist version="1.0">
<dict>
	<key>archiveVersion</key>
	<string>1</string>
	<key>classes</key>
	<dict/>
	<key>objectVersion</key>
	<string>46</string>
	<key>objects</key>
	<dict>
		<key>2D3DAD6C1599406AAE6A11E1</key>
		<dict>
			<key>includeInIndex</key>
			<string>1</string>
			<key>isa</key>
			<string>PBXFileReference</string>
			<key>lastKnownFileType</key>
			<string>text.xcconfig</string>
			<key>name</key>
			<string>Pods.xcconfig</string>
			<key>path</key>
			<string>Pods/Pods.xcconfig</string>
			<key>sourceTree</key>
			<string>&lt;group&gt;</string>
		</dict>
		<key>4E3B4C0018B61BF200D8B75B</key>
		<dict>
			<key>children</key>
			<array>
				<string>4EBB4E9418D7B5F7008BB571</string>
				<string>4E84011B18E3468F00E3AB34</string>
				<string>4E84011C18E3468F00E3AB34</string>
				<string>4E4E1BD418AD98E000B87E7A</string>
				<string>4E4E1BD518AD98E000B87E7A</string>
				<string>4E7BFF581906BDB300A49102</string>
				<string>4E7BFF591906BDB300A49102</string>
				<string>4EAE9A6F190BCCBB0003C829</string>
				<string>4EAE9A70190BCCBB0003C829</string>
			</array>
			<key>isa</key>
			<string>PBXGroup</string>
			<key>name</key>
			<string>Utility</string>
			<key>path</key>
			<string>Utility</string>
			<key>sourceTree</key>
			<string>&lt;group&gt;</string>
		</dict>
		<key>4E3B4C0218B61C0C00D8B75B</key>
		<dict>
			<key>children</key>
			<array>
				<string>4E4E1BBC18AD989300B87E7A</string>
				<string>4E4E1BBD18AD989300B87E7A</string>
				<string>4EBB4E9618D7B60F008BB571</string>
				<string>4EBB4E9518D7B60F008BB571</string>
			</array>
			<key>isa</key>
			<string>PBXGroup</string>
			<key>name</key>
			<string>LoginViewController</string>
			<key>path</key>
			<string>LoginViewController</string>
			<key>sourceTree</key>
			<string>&lt;group&gt;</string>
		</dict>
		<key>4E485E5A1909942900B0FC4C</key>
		<dict>
			<key>fileEncoding</key>
			<string>4</string>
			<key>isa</key>
			<string>PBXFileReference</string>
			<key>lastKnownFileType</key>
			<string>sourcecode.c.h</string>
			<key>name</key>
			<string>DNSettingsViewController.h</string>
			<key>path</key>
			<string>DNSettingsViewController.h</string>
			<key>sourceTree</key>
			<string>&lt;group&gt;</string>
		</dict>
		<key>4E485E5B1909942900B0FC4C</key>
		<dict>
			<key>fileEncoding</key>
			<string>4</string>
			<key>isa</key>
			<string>PBXFileReference</string>
			<key>lastKnownFileType</key>
			<string>sourcecode.c.objc</string>
			<key>name</key>
			<string>DNSettingsViewController.m</string>
			<key>path</key>
			<string>DNSettingsViewController.m</string>
			<key>sourceTree</key>
			<string>&lt;group&gt;</string>
		</dict>
		<key>4E485E5C1909942900B0FC4C</key>
		<dict>
			<key>fileRef</key>
			<string>4E485E5B1909942900B0FC4C</string>
			<key>isa</key>
			<string>PBXBuildFile</string>
		</dict>
		<key>4E4E1BB818AD989300B87E7A</key>
		<dict>
			<key>fileEncoding</key>
			<string>4</string>
			<key>isa</key>
			<string>PBXFileReference</string>
			<key>lastKnownFileType</key>
			<string>sourcecode.c.h</string>
			<key>name</key>
			<string>TNHomeViewController.h</string>
			<key>path</key>
			<string>TNHomeViewController.h</string>
			<key>sourceTree</key>
			<string>&lt;group&gt;</string>
		</dict>
		<key>4E4E1BB918AD989300B87E7A</key>
		<dict>
			<key>fileEncoding</key>
			<string>4</string>
			<key>isa</key>
			<string>PBXFileReference</string>
			<key>lastKnownFileType</key>
			<string>sourcecode.c.objc</string>
			<key>name</key>
			<string>TNHomeViewController.m</string>
			<key>path</key>
			<string>TNHomeViewController.m</string>
			<key>sourceTree</key>
			<string>&lt;group&gt;</string>
		</dict>
		<key>4E4E1BBA18AD989300B87E7A</key>
		<dict>
			<key>fileEncoding</key>
			<string>4</string>
			<key>isa</key>
			<string>PBXFileReference</string>
			<key>lastKnownFileType</key>
			<string>sourcecode.c.h</string>
			<key>name</key>
			<string>TNLaunchViewController.h</string>
			<key>path</key>
			<string>TNLaunchViewController.h</string>
			<key>sourceTree</key>
			<string>&lt;group&gt;</string>
		</dict>
		<key>4E4E1BBB18AD989300B87E7A</key>
		<dict>
			<key>fileEncoding</key>
			<string>4</string>
			<key>isa</key>
			<string>PBXFileReference</string>
			<key>lastKnownFileType</key>
			<string>sourcecode.c.objc</string>
			<key>name</key>
			<string>TNLaunchViewController.m</string>
			<key>path</key>
			<string>TNLaunchViewController.m</string>
			<key>sourceTree</key>
			<string>&lt;group&gt;</string>
		</dict>
		<key>4E4E1BBC18AD989300B87E7A</key>
		<dict>
			<key>fileEncoding</key>
			<string>4</string>
			<key>isa</key>
			<string>PBXFileReference</string>
			<key>lastKnownFileType</key>
			<string>sourcecode.c.h</string>
			<key>name</key>
			<string>TNLoginViewController.h</string>
			<key>path</key>
			<string>TNLoginViewController.h</string>
			<key>sourceTree</key>
			<string>&lt;group&gt;</string>
		</dict>
		<key>4E4E1BBD18AD989300B87E7A</key>
		<dict>
			<key>fileEncoding</key>
			<string>4</string>
			<key>isa</key>
			<string>PBXFileReference</string>
			<key>lastKnownFileType</key>
			<string>sourcecode.c.objc</string>
			<key>name</key>
			<string>TNLoginViewController.m</string>
			<key>path</key>
			<string>TNLoginViewController.m</string>
			<key>sourceTree</key>
			<string>&lt;group&gt;</string>
		</dict>
		<key>4E4E1BC118AD989300B87E7A</key>
		<dict>
			<key>fileRef</key>
			<string>4E4E1BB918AD989300B87E7A</string>
			<key>isa</key>
			<string>PBXBuildFile</string>
		</dict>
		<key>4E4E1BC218AD989300B87E7A</key>
		<dict>
			<key>fileRef</key>
			<string>4E4E1BBB18AD989300B87E7A</string>
			<key>isa</key>
			<string>PBXBuildFile</string>
		</dict>
		<key>4E4E1BC318AD989300B87E7A</key>
		<dict>
			<key>fileRef</key>
			<string>4E4E1BBD18AD989300B87E7A</string>
			<key>isa</key>
			<string>PBXBuildFile</string>
		</dict>
		<key>4E4E1BC518AD98A100B87E7A</key>
		<dict>
			<key>fileEncoding</key>
			<string>4</string>
			<key>isa</key>
			<string>PBXFileReference</string>
			<key>lastKnownFileType</key>
			<string>sourcecode.c.h</string>
			<key>name</key>
			<string>TNButton.h</string>
			<key>path</key>
			<string>TNButton.h</string>
			<key>sourceTree</key>
			<string>&lt;group&gt;</string>
		</dict>
		<key>4E4E1BC618AD98A100B87E7A</key>
		<dict>
			<key>fileEncoding</key>
			<string>4</string>
			<key>isa</key>
			<string>PBXFileReference</string>
			<key>lastKnownFileType</key>
			<string>sourcecode.c.objc</string>
			<key>name</key>
			<string>TNButton.m</string>
			<key>path</key>
			<string>TNButton.m</string>
			<key>sourceTree</key>
			<string>&lt;group&gt;</string>
		</dict>
		<key>4E4E1BC718AD98A100B87E7A</key>
		<dict>
			<key>fileEncoding</key>
			<string>4</string>
			<key>isa</key>
			<string>PBXFileReference</string>
			<key>lastKnownFileType</key>
			<string>sourcecode.c.h</string>
			<key>name</key>
			<string>TNFeedViewCell.h</string>
			<key>path</key>
			<string>TNFeedViewCell.h</string>
			<key>sourceTree</key>
			<string>&lt;group&gt;</string>
		</dict>
		<key>4E4E1BC818AD98A100B87E7A</key>
		<dict>
			<key>fileEncoding</key>
			<string>4</string>
			<key>isa</key>
			<string>PBXFileReference</string>
			<key>lastKnownFileType</key>
			<string>sourcecode.c.objc</string>
			<key>name</key>
			<string>TNFeedViewCell.m</string>
			<key>path</key>
			<string>TNFeedViewCell.m</string>
			<key>sourceTree</key>
			<string>&lt;group&gt;</string>
		</dict>
		<key>4E4E1BC918AD98A100B87E7A</key>
		<dict>
			<key>fileEncoding</key>
			<string>4</string>
			<key>isa</key>
			<string>PBXFileReference</string>
			<key>lastKnownFileType</key>
			<string>sourcecode.c.h</string>
			<key>name</key>
			<string>TNTextField.h</string>
			<key>path</key>
			<string>TNTextField.h</string>
			<key>sourceTree</key>
			<string>&lt;group&gt;</string>
		</dict>
		<key>4E4E1BCA18AD98A100B87E7A</key>
		<dict>
			<key>fileEncoding</key>
			<string>4</string>
			<key>isa</key>
			<string>PBXFileReference</string>
			<key>lastKnownFileType</key>
			<string>sourcecode.c.objc</string>
			<key>name</key>
			<string>TNTextField.m</string>
			<key>path</key>
			<string>TNTextField.m</string>
			<key>sourceTree</key>
			<string>&lt;group&gt;</string>
		</dict>
		<key>4E4E1BCB18AD98A100B87E7A</key>
		<dict>
			<key>fileRef</key>
			<string>4E4E1BC618AD98A100B87E7A</string>
			<key>isa</key>
			<string>PBXBuildFile</string>
		</dict>
		<key>4E4E1BCC18AD98A100B87E7A</key>
		<dict>
			<key>fileRef</key>
			<string>4E4E1BC818AD98A100B87E7A</string>
			<key>isa</key>
			<string>PBXBuildFile</string>
		</dict>
		<key>4E4E1BCD18AD98A100B87E7A</key>
		<dict>
			<key>fileRef</key>
			<string>4E4E1BCA18AD98A100B87E7A</string>
			<key>isa</key>
			<string>PBXBuildFile</string>
		</dict>
		<key>4E4E1BD118AD98E000B87E7A</key>
		<dict>
			<key>isa</key>
			<string>PBXFileReference</string>
			<key>lastKnownFileType</key>
			<string>file</string>
			<key>name</key>
			<string>Entypo.ttf</string>
			<key>path</key>
			<string>Entypo.ttf</string>
			<key>sourceTree</key>
			<string>&lt;group&gt;</string>
		</dict>
		<key>4E4E1BD218AD98E000B87E7A</key>
		<dict>
			<key>isa</key>
			<string>PBXFileReference</string>
			<key>lastKnownFileType</key>
			<string>file</string>
			<key>name</key>
			<string>Montserrat-Bold.ttf</string>
			<key>path</key>
			<string>Montserrat-Bold.ttf</string>
			<key>sourceTree</key>
			<string>&lt;group&gt;</string>
		</dict>
		<key>4E4E1BD318AD98E000B87E7A</key>
		<dict>
			<key>isa</key>
			<string>PBXFileReference</string>
			<key>lastKnownFileType</key>
			<string>file</string>
			<key>name</key>
			<string>Montserrat-Regular.ttf</string>
			<key>path</key>
			<string>Montserrat-Regular.ttf</string>
			<key>sourceTree</key>
			<string>&lt;group&gt;</string>
		</dict>
		<key>4E4E1BD418AD98E000B87E7A</key>
		<dict>
			<key>fileEncoding</key>
			<string>4</string>
			<key>isa</key>
			<string>PBXFileReference</string>
			<key>lastKnownFileType</key>
			<string>sourcecode.c.h</string>
			<key>name</key>
			<string>UIColor+TNColors.h</string>
			<key>path</key>
			<string>UIColor+TNColors.h</string>
			<key>sourceTree</key>
			<string>&lt;group&gt;</string>
		</dict>
		<key>4E4E1BD518AD98E000B87E7A</key>
		<dict>
			<key>fileEncoding</key>
			<string>4</string>
			<key>isa</key>
			<string>PBXFileReference</string>
			<key>lastKnownFileType</key>
			<string>sourcecode.c.objc</string>
			<key>name</key>
			<string>UIColor+TNColors.m</string>
			<key>path</key>
			<string>UIColor+TNColors.m</string>
			<key>sourceTree</key>
			<string>&lt;group&gt;</string>
		</dict>
		<key>4E4E1BD618AD98E000B87E7A</key>
		<dict>
			<key>fileRef</key>
			<string>4E4E1BD118AD98E000B87E7A</string>
			<key>isa</key>
			<string>PBXBuildFile</string>
		</dict>
		<key>4E4E1BD718AD98E000B87E7A</key>
		<dict>
			<key>fileRef</key>
			<string>4E4E1BD218AD98E000B87E7A</string>
			<key>isa</key>
			<string>PBXBuildFile</string>
		</dict>
		<key>4E4E1BD818AD98E000B87E7A</key>
		<dict>
			<key>fileRef</key>
			<string>4E4E1BD318AD98E000B87E7A</string>
			<key>isa</key>
			<string>PBXBuildFile</string>
		</dict>
		<key>4E4E1BD918AD98E000B87E7A</key>
		<dict>
			<key>fileRef</key>
			<string>4E4E1BD518AD98E000B87E7A</string>
			<key>isa</key>
			<string>PBXBuildFile</string>
		</dict>
		<key>4E4E1BDA18AD98E500B87E7A</key>
		<dict>
			<key>children</key>
			<array>
				<string>4E4E1BD118AD98E000B87E7A</string>
				<string>4E4E1BD218AD98E000B87E7A</string>
				<string>4E4E1BD318AD98E000B87E7A</string>
			</array>
			<key>isa</key>
			<string>PBXGroup</string>
			<key>name</key>
			<string>Fonts</string>
			<key>path</key>
			<string>Fonts</string>
			<key>sourceTree</key>
			<string>&lt;group&gt;</string>
		</dict>
		<key>4E783D1918AD7D7D00D78B20</key>
		<dict>
			<key>children</key>
			<array>
				<string>4E783D2B18AD7D7D00D78B20</string>
				<string>4E783D4418AD7D7D00D78B20</string>
				<string>4E783D2418AD7D7D00D78B20</string>
				<string>4E783D2318AD7D7D00D78B20</string>
				<string>2D3DAD6C1599406AAE6A11E1</string>
			</array>
			<key>isa</key>
			<string>PBXGroup</string>
			<key>sourceTree</key>
			<string>&lt;group&gt;</string>
		</dict>
		<key>4E783D1A18AD7D7D00D78B20</key>
		<dict>
			<key>attributes</key>
			<dict>
				<key>CLASSPREFIX</key>
				<string>TN</string>
				<key>LastUpgradeCheck</key>
				<string>0510</string>
				<key>ORGANIZATIONNAME</key>
				<string>Tosin Afolabi</string>
				<key>TargetAttributes</key>
				<dict>
					<key>4E783D2118AD7D7D00D78B20</key>
					<dict>
						<key>DevelopmentTeam</key>
						<string>3XXD9JUN7B</string>
					</dict>
				</dict>
			</dict>
			<key>buildConfigurationList</key>
			<string>4E783D1D18AD7D7D00D78B20</string>
			<key>compatibilityVersion</key>
			<string>Xcode 3.2</string>
			<key>developmentRegion</key>
			<string>English</string>
			<key>hasScannedForEncodings</key>
			<string>0</string>
			<key>isa</key>
			<string>PBXProject</string>
			<key>knownRegions</key>
			<array>
				<string>en</string>
			</array>
			<key>mainGroup</key>
			<string>4E783D1918AD7D7D00D78B20</string>
			<key>productRefGroup</key>
			<string>4E783D2318AD7D7D00D78B20</string>
			<key>projectDirPath</key>
			<string></string>
			<key>projectReferences</key>
			<array/>
			<key>projectRoot</key>
			<string></string>
			<key>targets</key>
			<array>
				<string>4E783D2118AD7D7D00D78B20</string>
			</array>
		</dict>
		<key>4E783D1D18AD7D7D00D78B20</key>
		<dict>
			<key>buildConfigurations</key>
			<array>
				<string>4E783D4C18AD7D7D00D78B20</string>
				<string>4E783D4D18AD7D7D00D78B20</string>
			</array>
			<key>defaultConfigurationIsVisible</key>
			<string>0</string>
			<key>defaultConfigurationName</key>
			<string>Release</string>
			<key>isa</key>
			<string>XCConfigurationList</string>
		</dict>
		<key>4E783D1E18AD7D7D00D78B20</key>
		<dict>
			<key>buildActionMask</key>
			<string>2147483647</string>
			<key>files</key>
			<array>
				<string>4EF2154B1929246800D530F4</string>
				<string>4E783D3618AD7D7D00D78B20</string>
				<string>4EF21548192922F700D530F4</string>
				<string>4EA0BDB8190852D400E3FDE8</string>
				<string>4EAE9A71190BCCBB0003C829</string>
				<string>4E4E1BCC18AD98A100B87E7A</string>
				<string>4E485E5C1909942900B0FC4C</string>
				<string>4E4E1BCB18AD98A100B87E7A</string>
				<string>4E84011718E17B4F00E3AB34</string>
				<string>4EAE9AD2190C2B170003C829</string>
				<string>4EDADC1819228A3E0097754A</string>
				<string>4E7BFF4E1906708E00A49102</string>
				<string>4E4E1BC218AD989300B87E7A</string>
				<string>4EDADBF0192243740097754A</string>
				<string>4EBB4E9E18D7B626008BB571</string>
				<string>4E8402F718E4FDCD00E3AB34</string>
				<string>4E7BFF5A1906BDB300A49102</string>
				<string>4E7BFF441902E55000A49102</string>
				<string>4EAE9AD3190C2B170003C829</string>
				<string>4EAE9AD1190C2B170003C829</string>
				<string>4EA929DE192C347B0032E469</string>
				<string>4EAE9AD6190C2B170003C829</string>
				<string>4EC1409618F145330082E3C3</string>
				<string>4EAE9A80190C2AB70003C829</string>
				<string>4EA929DB192C345B0032E469</string>
				<string>4EAE9A7C190C2A980003C829</string>
				<string>4EB56CE2191D4C4B00DC151A</string>
				<string>4E4E1BC118AD989300B87E7A</string>
				<string>4E4E1BD918AD98E000B87E7A</string>
				<string>4EBB4E9718D7B60F008BB571</string>
				<string>4EC1409318F12F350082E3C3</string>
				<string>4E4E1BC318AD989300B87E7A</string>
				<string>4EA7564318F1F0E30089346D</string>
				<string>4EAE9ACF190C2B170003C829</string>
				<string>4EBB4E9F18D7B626008BB571</string>
				<string>4E7BFF411902E53100A49102</string>
				<string>4EAE9AD0190C2B170003C829</string>
				<string>4EAE9A74190C15C40003C829</string>
				<string>4EBB4EA518D7B655008BB571</string>
				<string>4EC1409918F145D20082E3C3</string>
				<string>4E783D3218AD7D7D00D78B20</string>
				<string>4EAE9AD5190C2B170003C829</string>
				<string>4E84011D18E3468F00E3AB34</string>
				<string>4E7BFF5D1906DAA800A49102</string>
				<string>4EF215451929187100D530F4</string>
				<string>4EAE9A7D190C2A980003C829</string>
				<string>4EAE9AD4190C2B170003C829</string>
				<string>4EAE9ACE190C2B170003C829</string>
				<string>4E4E1BCD18AD98A100B87E7A</string>
				<string>4EAE9A7B190C2A980003C829</string>
			</array>
			<key>isa</key>
			<string>PBXSourcesBuildPhase</string>
			<key>runOnlyForDeploymentPostprocessing</key>
			<string>0</string>
		</dict>
		<key>4E783D1F18AD7D7D00D78B20</key>
		<dict>
			<key>buildActionMask</key>
			<string>2147483647</string>
			<key>files</key>
			<array>
				<string>4EDADC351922ECE30097754A</string>
				<string>4EDADC2D1922E3D10097754A</string>
				<string>4EDADC2B1922E3B20097754A</string>
				<string>4EDADC231922E1140097754A</string>
				<string>4E7BFF541906A72E00A49102</string>
				<string>4ECE3DEF18DFC13100DC26FB</string>
				<string>4EDADC291922E3A20097754A</string>
				<string>C6B1509218DD6D3A003F2A88</string>
				<string>C6B1509018DD6D18003F2A88</string>
				<string>C6B1508E18DD6CF0003F2A88</string>
				<string>C6B1508C18DD6CDF003F2A88</string>
				<string>C6B14C2418DD5D8A003F2A88</string>
				<string>4E783D2818AD7D7D00D78B20</string>
				<string>4E783D2A18AD7D7D00D78B20</string>
				<string>4E783D2618AD7D7D00D78B20</string>
				<string>ADD050CC668743E0B7EC0E0A</string>
				<string>4ECE3DF118DFC13100DC26FB</string>
			</array>
			<key>isa</key>
			<string>PBXFrameworksBuildPhase</string>
			<key>runOnlyForDeploymentPostprocessing</key>
			<string>0</string>
		</dict>
		<key>4E783D2018AD7D7D00D78B20</key>
		<dict>
			<key>buildActionMask</key>
			<string>2147483647</string>
			<key>files</key>
			<array>
				<string>4E4E1BD718AD98E000B87E7A</string>
				<string>4E783D3018AD7D7D00D78B20</string>
				<string>4E4E1BD618AD98E000B87E7A</string>
				<string>4E4E1BD818AD98E000B87E7A</string>
				<string>4ECE3DF018DFC13100DC26FB</string>
				<string>4E783D3818AD7D7D00D78B20</string>
			</array>
			<key>isa</key>
			<string>PBXResourcesBuildPhase</string>
			<key>runOnlyForDeploymentPostprocessing</key>
			<string>0</string>
		</dict>
		<key>4E783D2118AD7D7D00D78B20</key>
		<dict>
			<key>buildConfigurationList</key>
			<string>4E783D4E18AD7D7D00D78B20</string>
			<key>buildPhases</key>
			<array>
				<string>FBE8F175B6E54437A44FB817</string>
				<string>4E783D1E18AD7D7D00D78B20</string>
				<string>4E783D1F18AD7D7D00D78B20</string>
				<string>4E783D2018AD7D7D00D78B20</string>
				<string>927D59A256414F6685E9C873</string>
			</array>
			<key>buildRules</key>
			<array/>
			<key>dependencies</key>
			<array/>
			<key>isa</key>
			<string>PBXNativeTarget</string>
			<key>name</key>
			<string>The News</string>
			<key>productName</key>
			<string>thenews</string>
			<key>productReference</key>
			<string>4E783D2218AD7D7D00D78B20</string>
			<key>productType</key>
			<string>com.apple.product-type.application</string>
		</dict>
		<key>4E783D2218AD7D7D00D78B20</key>
		<dict>
			<key>explicitFileType</key>
			<string>wrapper.application</string>
			<key>includeInIndex</key>
			<string>0</string>
			<key>isa</key>
			<string>PBXFileReference</string>
			<key>path</key>
			<string>The News.app</string>
			<key>sourceTree</key>
			<string>BUILT_PRODUCTS_DIR</string>
		</dict>
		<key>4E783D2318AD7D7D00D78B20</key>
		<dict>
			<key>children</key>
			<array>
				<string>4E783D2218AD7D7D00D78B20</string>
			</array>
			<key>isa</key>
			<string>PBXGroup</string>
			<key>name</key>
			<string>Products</string>
			<key>sourceTree</key>
			<string>&lt;group&gt;</string>
		</dict>
		<key>4E783D2418AD7D7D00D78B20</key>
		<dict>
			<key>children</key>
			<array>
				<string>4EDADC341922ECE30097754A</string>
				<string>4EDADC2C1922E3D10097754A</string>
				<string>4EDADC2A1922E3B10097754A</string>
				<string>4EDADC281922E3A20097754A</string>
				<string>4EDADC221922E1140097754A</string>
				<string>4E7BFF531906A72E00A49102</string>
				<string>4ECE3DEC18DFC13100DC26FB</string>
				<string>4ECE3DED18DFC13100DC26FB</string>
				<string>4ECE3DEE18DFC13100DC26FB</string>
				<string>C6B1509118DD6D3A003F2A88</string>
				<string>C6B1508F18DD6D18003F2A88</string>
				<string>C6B1508D18DD6CF0003F2A88</string>
				<string>C6B1508B18DD6CDF003F2A88</string>
				<string>C6B14C2318DD5D8A003F2A88</string>
				<string>4E783D2518AD7D7D00D78B20</string>
				<string>4E783D2718AD7D7D00D78B20</string>
				<string>4E783D2918AD7D7D00D78B20</string>
				<string>4E783D3E18AD7D7D00D78B20</string>
				<string>C05D4F76DE524C07AE8AB7E9</string>
			</array>
			<key>isa</key>
			<string>PBXGroup</string>
			<key>name</key>
			<string>Frameworks</string>
			<key>sourceTree</key>
			<string>&lt;group&gt;</string>
		</dict>
		<key>4E783D2518AD7D7D00D78B20</key>
		<dict>
			<key>isa</key>
			<string>PBXFileReference</string>
			<key>lastKnownFileType</key>
			<string>wrapper.framework</string>
			<key>name</key>
			<string>Foundation.framework</string>
			<key>path</key>
			<string>System/Library/Frameworks/Foundation.framework</string>
			<key>sourceTree</key>
			<string>SDKROOT</string>
		</dict>
		<key>4E783D2618AD7D7D00D78B20</key>
		<dict>
			<key>fileRef</key>
			<string>4E783D2518AD7D7D00D78B20</string>
			<key>isa</key>
			<string>PBXBuildFile</string>
		</dict>
		<key>4E783D2718AD7D7D00D78B20</key>
		<dict>
			<key>isa</key>
			<string>PBXFileReference</string>
			<key>lastKnownFileType</key>
			<string>wrapper.framework</string>
			<key>name</key>
			<string>CoreGraphics.framework</string>
			<key>path</key>
			<string>System/Library/Frameworks/CoreGraphics.framework</string>
			<key>sourceTree</key>
			<string>SDKROOT</string>
		</dict>
		<key>4E783D2818AD7D7D00D78B20</key>
		<dict>
			<key>fileRef</key>
			<string>4E783D2718AD7D7D00D78B20</string>
			<key>isa</key>
			<string>PBXBuildFile</string>
		</dict>
		<key>4E783D2918AD7D7D00D78B20</key>
		<dict>
			<key>isa</key>
			<string>PBXFileReference</string>
			<key>lastKnownFileType</key>
			<string>wrapper.framework</string>
			<key>name</key>
			<string>UIKit.framework</string>
			<key>path</key>
			<string>System/Library/Frameworks/UIKit.framework</string>
			<key>sourceTree</key>
			<string>SDKROOT</string>
		</dict>
		<key>4E783D2A18AD7D7D00D78B20</key>
		<dict>
			<key>fileRef</key>
			<string>4E783D2918AD7D7D00D78B20</string>
			<key>isa</key>
			<string>PBXBuildFile</string>
		</dict>
		<key>4E783D2B18AD7D7D00D78B20</key>
		<dict>
			<key>children</key>
			<array>
				<string>4E783D3418AD7D7D00D78B20</string>
				<string>4E783D3518AD7D7D00D78B20</string>
				<string>4EA4CBE9192E604F007668B9</string>
				<string>4E3B4C0018B61BF200D8B75B</string>
				<string>4E783D5418AD7E5900D78B20</string>
				<string>4E783D5718AD7E7B00D78B20</string>
				<string>4E7BFF4B19066EF500A49102</string>
				<string>4E783D2C18AD7D7D00D78B20</string>
				<string>4E783D3718AD7D7D00D78B20</string>
			</array>
			<key>isa</key>
			<string>PBXGroup</string>
			<key>path</key>
			<string>thenews</string>
			<key>sourceTree</key>
			<string>&lt;group&gt;</string>
		</dict>
		<key>4E783D2C18AD7D7D00D78B20</key>
		<dict>
			<key>children</key>
			<array>
				<string>4E783D2D18AD7D7D00D78B20</string>
				<string>4E783D2E18AD7D7D00D78B20</string>
				<string>4E783D3118AD7D7D00D78B20</string>
				<string>4E783D3318AD7D7D00D78B20</string>
			</array>
			<key>isa</key>
			<string>PBXGroup</string>
			<key>name</key>
			<string>Supporting Files</string>
			<key>path</key>
			<string>Supporting Files</string>
			<key>sourceTree</key>
			<string>&lt;group&gt;</string>
		</dict>
		<key>4E783D2D18AD7D7D00D78B20</key>
		<dict>
			<key>isa</key>
			<string>PBXFileReference</string>
			<key>lastKnownFileType</key>
			<string>text.plist.xml</string>
			<key>path</key>
			<string>The News-Info.plist</string>
			<key>sourceTree</key>
			<string>&lt;group&gt;</string>
		</dict>
		<key>4E783D2E18AD7D7D00D78B20</key>
		<dict>
			<key>children</key>
			<array>
				<string>4E783D2F18AD7D7D00D78B20</string>
			</array>
			<key>isa</key>
			<string>PBXVariantGroup</string>
			<key>name</key>
			<string>InfoPlist.strings</string>
			<key>sourceTree</key>
			<string>&lt;group&gt;</string>
		</dict>
		<key>4E783D2F18AD7D7D00D78B20</key>
		<dict>
			<key>isa</key>
			<string>PBXFileReference</string>
			<key>lastKnownFileType</key>
			<string>text.plist.strings</string>
			<key>name</key>
			<string>en</string>
			<key>path</key>
			<string>en.lproj/InfoPlist.strings</string>
			<key>sourceTree</key>
			<string>&lt;group&gt;</string>
		</dict>
		<key>4E783D3018AD7D7D00D78B20</key>
		<dict>
			<key>fileRef</key>
			<string>4E783D2E18AD7D7D00D78B20</string>
			<key>isa</key>
			<string>PBXBuildFile</string>
		</dict>
		<key>4E783D3118AD7D7D00D78B20</key>
		<dict>
			<key>isa</key>
			<string>PBXFileReference</string>
			<key>lastKnownFileType</key>
			<string>sourcecode.c.objc</string>
			<key>path</key>
			<string>main.m</string>
			<key>sourceTree</key>
			<string>&lt;group&gt;</string>
		</dict>
		<key>4E783D3218AD7D7D00D78B20</key>
		<dict>
			<key>fileRef</key>
			<string>4E783D3118AD7D7D00D78B20</string>
			<key>isa</key>
			<string>PBXBuildFile</string>
		</dict>
		<key>4E783D3318AD7D7D00D78B20</key>
		<dict>
			<key>isa</key>
			<string>PBXFileReference</string>
			<key>lastKnownFileType</key>
			<string>sourcecode.c.h</string>
			<key>path</key>
			<string>The News-Prefix.pch</string>
			<key>sourceTree</key>
			<string>&lt;group&gt;</string>
		</dict>
		<key>4E783D3418AD7D7D00D78B20</key>
		<dict>
			<key>isa</key>
			<string>PBXFileReference</string>
			<key>lastKnownFileType</key>
			<string>sourcecode.c.h</string>
			<key>path</key>
			<string>TNAppDelegate.h</string>
			<key>sourceTree</key>
			<string>&lt;group&gt;</string>
		</dict>
		<key>4E783D3518AD7D7D00D78B20</key>
		<dict>
			<key>isa</key>
			<string>PBXFileReference</string>
			<key>lastKnownFileType</key>
			<string>sourcecode.c.objc</string>
			<key>path</key>
			<string>TNAppDelegate.m</string>
			<key>sourceTree</key>
			<string>&lt;group&gt;</string>
		</dict>
		<key>4E783D3618AD7D7D00D78B20</key>
		<dict>
			<key>fileRef</key>
			<string>4E783D3518AD7D7D00D78B20</string>
			<key>isa</key>
			<string>PBXBuildFile</string>
		</dict>
		<key>4E783D3718AD7D7D00D78B20</key>
		<dict>
			<key>isa</key>
			<string>PBXFileReference</string>
			<key>lastKnownFileType</key>
			<string>folder.assetcatalog</string>
			<key>path</key>
			<string>Images.xcassets</string>
			<key>sourceTree</key>
			<string>&lt;group&gt;</string>
		</dict>
		<key>4E783D3818AD7D7D00D78B20</key>
		<dict>
			<key>fileRef</key>
			<string>4E783D3718AD7D7D00D78B20</string>
			<key>isa</key>
			<string>PBXBuildFile</string>
		</dict>
		<key>4E783D3E18AD7D7D00D78B20</key>
		<dict>
			<key>isa</key>
			<string>PBXFileReference</string>
			<key>lastKnownFileType</key>
			<string>wrapper.framework</string>
			<key>name</key>
			<string>XCTest.framework</string>
			<key>path</key>
			<string>Library/Frameworks/XCTest.framework</string>
			<key>sourceTree</key>
			<string>DEVELOPER_DIR</string>
		</dict>
		<key>4E783D4418AD7D7D00D78B20</key>
		<dict>
			<key>children</key>
			<array>
				<string>4E783D4A18AD7D7D00D78B20</string>
				<string>4E783D4518AD7D7D00D78B20</string>
			</array>
			<key>isa</key>
			<string>PBXGroup</string>
			<key>path</key>
			<string>thenewsTests</string>
			<key>sourceTree</key>
			<string>&lt;group&gt;</string>
		</dict>
		<key>4E783D4518AD7D7D00D78B20</key>
		<dict>
			<key>children</key>
			<array>
				<string>4E783D4618AD7D7D00D78B20</string>
				<string>4E783D4718AD7D7D00D78B20</string>
			</array>
			<key>isa</key>
			<string>PBXGroup</string>
			<key>name</key>
			<string>Supporting Files</string>
			<key>path</key>
			<string>Supporting Files</string>
			<key>sourceTree</key>
			<string>&lt;group&gt;</string>
		</dict>
		<key>4E783D4618AD7D7D00D78B20</key>
		<dict>
			<key>isa</key>
			<string>PBXFileReference</string>
			<key>lastKnownFileType</key>
			<string>text.plist.xml</string>
			<key>path</key>
			<string>The NewsTests-Info.plist</string>
			<key>sourceTree</key>
			<string>&lt;group&gt;</string>
		</dict>
		<key>4E783D4718AD7D7D00D78B20</key>
		<dict>
			<key>children</key>
			<array>
				<string>4E783D4818AD7D7D00D78B20</string>
			</array>
			<key>isa</key>
			<string>PBXVariantGroup</string>
			<key>name</key>
			<string>InfoPlist.strings</string>
			<key>sourceTree</key>
			<string>&lt;group&gt;</string>
		</dict>
		<key>4E783D4818AD7D7D00D78B20</key>
		<dict>
			<key>isa</key>
			<string>PBXFileReference</string>
			<key>lastKnownFileType</key>
			<string>text.plist.strings</string>
			<key>name</key>
			<string>en</string>
			<key>path</key>
			<string>en.lproj/InfoPlist.strings</string>
			<key>sourceTree</key>
			<string>&lt;group&gt;</string>
		</dict>
		<key>4E783D4A18AD7D7D00D78B20</key>
		<dict>
			<key>isa</key>
			<string>PBXFileReference</string>
			<key>lastKnownFileType</key>
			<string>sourcecode.c.objc</string>
			<key>path</key>
			<string>thenewsTests.m</string>
			<key>sourceTree</key>
			<string>&lt;group&gt;</string>
		</dict>
		<key>4E783D4C18AD7D7D00D78B20</key>
		<dict>
			<key>buildSettings</key>
			<dict>
				<key>ALWAYS_SEARCH_USER_PATHS</key>
				<string>NO</string>
				<key>CLANG_CXX_LANGUAGE_STANDARD</key>
				<string>gnu++0x</string>
				<key>CLANG_CXX_LIBRARY</key>
				<string>libc++</string>
				<key>CLANG_ENABLE_MODULES</key>
				<string>YES</string>
				<key>CLANG_ENABLE_OBJC_ARC</key>
				<string>YES</string>
				<key>CLANG_WARN_BOOL_CONVERSION</key>
				<string>YES</string>
				<key>CLANG_WARN_CONSTANT_CONVERSION</key>
				<string>YES</string>
				<key>CLANG_WARN_DIRECT_OBJC_ISA_USAGE</key>
				<string>YES_ERROR</string>
				<key>CLANG_WARN_EMPTY_BODY</key>
				<string>YES</string>
				<key>CLANG_WARN_ENUM_CONVERSION</key>
				<string>YES</string>
				<key>CLANG_WARN_INT_CONVERSION</key>
				<string>YES</string>
				<key>CLANG_WARN_OBJC_ROOT_CLASS</key>
				<string>YES_ERROR</string>
				<key>CLANG_WARN__DUPLICATE_METHOD_MATCH</key>
				<string>YES</string>
				<key>CODE_SIGN_IDENTITY[sdk=iphoneos*]</key>
				<string>iPhone Developer</string>
				<key>COPY_PHASE_STRIP</key>
				<string>NO</string>
				<key>GCC_C_LANGUAGE_STANDARD</key>
				<string>gnu99</string>
				<key>GCC_DYNAMIC_NO_PIC</key>
				<string>NO</string>
				<key>GCC_OPTIMIZATION_LEVEL</key>
				<string>0</string>
				<key>GCC_PREPROCESSOR_DEFINITIONS</key>
				<array>
					<string>DEBUG=1</string>
					<string>$(inherited)</string>
				</array>
				<key>GCC_SYMBOLS_PRIVATE_EXTERN</key>
				<string>NO</string>
				<key>GCC_WARN_64_TO_32_BIT_CONVERSION</key>
				<string>YES</string>
				<key>GCC_WARN_ABOUT_RETURN_TYPE</key>
				<string>YES_ERROR</string>
				<key>GCC_WARN_UNDECLARED_SELECTOR</key>
				<string>YES</string>
				<key>GCC_WARN_UNINITIALIZED_AUTOS</key>
				<string>YES</string>
				<key>GCC_WARN_UNUSED_FUNCTION</key>
				<string>YES</string>
				<key>GCC_WARN_UNUSED_VARIABLE</key>
				<string>YES</string>
				<key>IPHONEOS_DEPLOYMENT_TARGET</key>
				<string>7.0</string>
				<key>ONLY_ACTIVE_ARCH</key>
				<string>YES</string>
				<key>SDKROOT</key>
				<string>iphoneos</string>
			</dict>
			<key>isa</key>
			<string>XCBuildConfiguration</string>
			<key>name</key>
			<string>Debug</string>
		</dict>
		<key>4E783D4D18AD7D7D00D78B20</key>
		<dict>
			<key>buildSettings</key>
			<dict>
				<key>ALWAYS_SEARCH_USER_PATHS</key>
				<string>NO</string>
				<key>CLANG_CXX_LANGUAGE_STANDARD</key>
				<string>gnu++0x</string>
				<key>CLANG_CXX_LIBRARY</key>
				<string>libc++</string>
				<key>CLANG_ENABLE_MODULES</key>
				<string>YES</string>
				<key>CLANG_ENABLE_OBJC_ARC</key>
				<string>YES</string>
				<key>CLANG_WARN_BOOL_CONVERSION</key>
				<string>YES</string>
				<key>CLANG_WARN_CONSTANT_CONVERSION</key>
				<string>YES</string>
				<key>CLANG_WARN_DIRECT_OBJC_ISA_USAGE</key>
				<string>YES_ERROR</string>
				<key>CLANG_WARN_EMPTY_BODY</key>
				<string>YES</string>
				<key>CLANG_WARN_ENUM_CONVERSION</key>
				<string>YES</string>
				<key>CLANG_WARN_INT_CONVERSION</key>
				<string>YES</string>
				<key>CLANG_WARN_OBJC_ROOT_CLASS</key>
				<string>YES_ERROR</string>
				<key>CLANG_WARN__DUPLICATE_METHOD_MATCH</key>
				<string>YES</string>
				<key>CODE_SIGN_IDENTITY[sdk=iphoneos*]</key>
				<string>iPhone Developer</string>
				<key>COPY_PHASE_STRIP</key>
				<string>YES</string>
				<key>ENABLE_NS_ASSERTIONS</key>
				<string>NO</string>
				<key>GCC_C_LANGUAGE_STANDARD</key>
				<string>gnu99</string>
				<key>GCC_WARN_64_TO_32_BIT_CONVERSION</key>
				<string>YES</string>
				<key>GCC_WARN_ABOUT_RETURN_TYPE</key>
				<string>YES_ERROR</string>
				<key>GCC_WARN_UNDECLARED_SELECTOR</key>
				<string>YES</string>
				<key>GCC_WARN_UNINITIALIZED_AUTOS</key>
				<string>YES</string>
				<key>GCC_WARN_UNUSED_FUNCTION</key>
				<string>YES</string>
				<key>GCC_WARN_UNUSED_VARIABLE</key>
				<string>YES</string>
				<key>IPHONEOS_DEPLOYMENT_TARGET</key>
				<string>7.0</string>
				<key>SDKROOT</key>
				<string>iphoneos</string>
				<key>VALIDATE_PRODUCT</key>
				<string>YES</string>
			</dict>
			<key>isa</key>
			<string>XCBuildConfiguration</string>
			<key>name</key>
			<string>Release</string>
		</dict>
		<key>4E783D4E18AD7D7D00D78B20</key>
		<dict>
			<key>buildConfigurations</key>
			<array>
				<string>4E783D4F18AD7D7D00D78B20</string>
				<string>4E783D5018AD7D7D00D78B20</string>
			</array>
			<key>defaultConfigurationIsVisible</key>
			<string>0</string>
			<key>defaultConfigurationName</key>
			<string>Release</string>
			<key>isa</key>
			<string>XCConfigurationList</string>
		</dict>
		<key>4E783D4F18AD7D7D00D78B20</key>
		<dict>
			<key>baseConfigurationReference</key>
			<string>2D3DAD6C1599406AAE6A11E1</string>
			<key>buildSettings</key>
			<dict>
				<key>ASSETCATALOG_COMPILER_APPICON_NAME</key>
				<string>AppIcon</string>
				<key>ASSETCATALOG_COMPILER_LAUNCHIMAGE_NAME</key>
				<string>LaunchImage</string>
				<key>CODE_SIGN_IDENTITY</key>
				<string>iPhone Developer</string>
				<key>FRAMEWORK_SEARCH_PATHS</key>
				<array>
					<string>$(inherited)</string>
					<string>$(PROJECT_DIR)</string>
					<string>$(PROJECT_DIR)/thenews/Utility</string>
					<string>$(PROJECT_DIR)/Pods/OvershareKit/Dependencies/GooglePlus-SDK</string>
				</array>
				<key>GCC_PRECOMPILE_PREFIX_HEADER</key>
				<string>YES</string>
				<key>GCC_PREFIX_HEADER</key>
				<string>thenews/Supporting Files/The News-Prefix.pch</string>
				<key>INFOPLIST_FILE</key>
				<string>thenews/Supporting Files/The News-Info.plist</string>
				<key>IPHONEOS_DEPLOYMENT_TARGET</key>
				<string>7.0</string>
				<key>LIBRARY_SEARCH_PATHS</key>
				<array>
					<string>$(inherited)</string>
					<string>$(PROJECT_DIR)</string>
				</array>
				<key>OTHER_LDFLAGS</key>
				<array>
					<string>-ObjC</string>
					<string>-lstdc++</string>
				</array>
				<key>PRODUCT_NAME</key>
				<string>The News</string>
				<key>TARGETED_DEVICE_FAMILY</key>
				<string>1</string>
				<key>WRAPPER_EXTENSION</key>
				<string>app</string>
			</dict>
			<key>isa</key>
			<string>XCBuildConfiguration</string>
			<key>name</key>
			<string>Debug</string>
		</dict>
		<key>4E783D5018AD7D7D00D78B20</key>
		<dict>
			<key>baseConfigurationReference</key>
			<string>2D3DAD6C1599406AAE6A11E1</string>
			<key>buildSettings</key>
			<dict>
				<key>ASSETCATALOG_COMPILER_APPICON_NAME</key>
				<string>AppIcon</string>
				<key>ASSETCATALOG_COMPILER_LAUNCHIMAGE_NAME</key>
				<string>LaunchImage</string>
				<key>CODE_SIGN_IDENTITY</key>
				<string>iPhone Developer</string>
				<key>FRAMEWORK_SEARCH_PATHS</key>
				<array>
					<string>$(inherited)</string>
					<string>$(PROJECT_DIR)</string>
					<string>$(PROJECT_DIR)/thenews/Utility</string>
					<string>$(PROJECT_DIR)/Pods/OvershareKit/Dependencies/GooglePlus-SDK</string>
				</array>
				<key>GCC_PRECOMPILE_PREFIX_HEADER</key>
				<string>YES</string>
				<key>GCC_PREFIX_HEADER</key>
				<string>thenews/Supporting Files/The News-Prefix.pch</string>
				<key>INFOPLIST_FILE</key>
				<string>thenews/Supporting Files/The News-Info.plist</string>
				<key>IPHONEOS_DEPLOYMENT_TARGET</key>
				<string>7.0</string>
				<key>LIBRARY_SEARCH_PATHS</key>
				<array>
					<string>$(inherited)</string>
					<string>$(PROJECT_DIR)</string>
				</array>
				<key>OTHER_LDFLAGS</key>
				<array>
					<string>-ObjC</string>
					<string>-lstdc++</string>
				</array>
				<key>PRODUCT_NAME</key>
				<string>The News</string>
				<key>TARGETED_DEVICE_FAMILY</key>
				<string>1</string>
				<key>WRAPPER_EXTENSION</key>
				<string>app</string>
			</dict>
			<key>isa</key>
			<string>XCBuildConfiguration</string>
			<key>name</key>
			<string>Release</string>
		</dict>
		<key>4E783D5418AD7E5900D78B20</key>
		<dict>
			<key>children</key>
			<array>
				<string>4EA86396192D09D500C3A79B</string>
				<string>4EA86397192D09E100C3A79B</string>
				<string>4EA929D5192C31E60032E469</string>
				<string>4EA929D4192C319D0032E469</string>
				<string>4E3B4C0218B61C0C00D8B75B</string>
				<string>4EAE9B08190C2CA60003C829</string>
				<string>4E7BFF461902F92C00A49102</string>
				<string>4E7BFF471902F93E00A49102</string>
				<string>4EA929D6192C32060032E469</string>
				<string>4EF2154F192941A800D530F4</string>
				<string>4EA929D7192C32800032E469</string>
				<string>4EA929D8192C32A10032E469</string>
			</array>
			<key>isa</key>
			<string>PBXGroup</string>
			<key>name</key>
			<string>Controllers</string>
			<key>path</key>
			<string>Controllers</string>
			<key>sourceTree</key>
			<string>&lt;group&gt;</string>
		</dict>
		<key>4E783D5718AD7E7B00D78B20</key>
		<dict>
			<key>children</key>
			<array>
				<string>4EF2154E1929416D00D530F4</string>
				<string>4EF2154D1929413F00D530F4</string>
				<string>4EC1409A18F149A30082E3C3</string>
				<string>4E7BFF451902F90100A49102</string>
				<string>4EBB4EA218D7B655008BB571</string>
				<string>4EBB4EA118D7B655008BB571</string>
			</array>
			<key>isa</key>
			<string>PBXGroup</string>
			<key>name</key>
			<string>Views</string>
			<key>path</key>
			<string>Views</string>
			<key>sourceTree</key>
			<string>&lt;group&gt;</string>
		</dict>
		<key>4E7BFF3F1902E53100A49102</key>
		<dict>
			<key>fileEncoding</key>
			<string>4</string>
			<key>isa</key>
			<string>PBXFileReference</string>
			<key>lastKnownFileType</key>
			<string>sourcecode.c.h</string>
			<key>name</key>
			<string>DNCommentCell.h</string>
			<key>path</key>
			<string>DNCommentCell.h</string>
			<key>sourceTree</key>
			<string>&lt;group&gt;</string>
		</dict>
		<key>4E7BFF401902E53100A49102</key>
		<dict>
			<key>fileEncoding</key>
			<string>4</string>
			<key>isa</key>
			<string>PBXFileReference</string>
			<key>lastKnownFileType</key>
			<string>sourcecode.c.objc</string>
			<key>name</key>
			<string>DNCommentCell.m</string>
			<key>path</key>
			<string>DNCommentCell.m</string>
			<key>sourceTree</key>
			<string>&lt;group&gt;</string>
		</dict>
		<key>4E7BFF411902E53100A49102</key>
		<dict>
			<key>fileRef</key>
			<string>4E7BFF401902E53100A49102</string>
			<key>isa</key>
			<string>PBXBuildFile</string>
		</dict>
		<key>4E7BFF421902E55000A49102</key>
		<dict>
			<key>fileEncoding</key>
			<string>4</string>
			<key>isa</key>
			<string>PBXFileReference</string>
			<key>lastKnownFileType</key>
			<string>sourcecode.c.h</string>
			<key>name</key>
			<string>HNCommentCell.h</string>
			<key>path</key>
			<string>HNCommentCell.h</string>
			<key>sourceTree</key>
			<string>&lt;group&gt;</string>
		</dict>
		<key>4E7BFF431902E55000A49102</key>
		<dict>
			<key>fileEncoding</key>
			<string>4</string>
			<key>isa</key>
			<string>PBXFileReference</string>
			<key>lastKnownFileType</key>
			<string>sourcecode.c.objc</string>
			<key>name</key>
			<string>HNCommentCell.m</string>
			<key>path</key>
			<string>HNCommentCell.m</string>
			<key>sourceTree</key>
			<string>&lt;group&gt;</string>
		</dict>
		<key>4E7BFF441902E55000A49102</key>
		<dict>
			<key>fileRef</key>
			<string>4E7BFF431902E55000A49102</string>
			<key>isa</key>
			<string>PBXBuildFile</string>
		</dict>
		<key>4E7BFF451902F90100A49102</key>
		<dict>
			<key>children</key>
			<array>
				<string>4EAE9A7E190C2AB70003C829</string>
				<string>4EAE9A7F190C2AB70003C829</string>
				<string>4E7BFF3F1902E53100A49102</string>
				<string>4E7BFF401902E53100A49102</string>
				<string>4E7BFF421902E55000A49102</string>
				<string>4E7BFF431902E55000A49102</string>
			</array>
			<key>isa</key>
			<string>PBXGroup</string>
			<key>name</key>
			<string>CommentViewCell</string>
			<key>path</key>
			<string>CommentViewCell</string>
			<key>sourceTree</key>
			<string>&lt;group&gt;</string>
		</dict>
		<key>4E7BFF461902F92C00A49102</key>
		<dict>
			<key>children</key>
			<array>
				<string>4E84011518E17B4F00E3AB34</string>
				<string>4E84011618E17B4F00E3AB34</string>
				<string>4EC1409118F12F350082E3C3</string>
				<string>4EC1409218F12F350082E3C3</string>
			</array>
			<key>isa</key>
			<string>PBXGroup</string>
			<key>name</key>
			<string>FeedViewController</string>
			<key>path</key>
			<string>FeedViewController</string>
			<key>sourceTree</key>
			<string>&lt;group&gt;</string>
		</dict>
		<key>4E7BFF471902F93E00A49102</key>
		<dict>
			<key>children</key>
			<array>
				<string>4EF215491929246800D530F4</string>
				<string>4EF2154A1929246800D530F4</string>
				<string>4EAE9A75190C2A980003C829</string>
				<string>4EAE9A76190C2A980003C829</string>
				<string>4EAE9A77190C2A980003C829</string>
				<string>4EAE9A78190C2A980003C829</string>
				<string>4EAE9A79190C2A980003C829</string>
				<string>4EAE9A7A190C2A980003C829</string>
			</array>
			<key>isa</key>
			<string>PBXGroup</string>
			<key>name</key>
			<string>CommentsViewController</string>
			<key>path</key>
			<string>CommentsViewController</string>
			<key>sourceTree</key>
			<string>&lt;group&gt;</string>
		</dict>
		<key>4E7BFF4B19066EF500A49102</key>
		<dict>
			<key>children</key>
			<array>
				<string>4EAE9A81190C2B170003C829</string>
				<string>4EAE9A8D190C2B170003C829</string>
			</array>
			<key>isa</key>
			<string>PBXGroup</string>
			<key>name</key>
			<string>Third Party Libraries</string>
			<key>path</key>
			<string>Third Party Libraries</string>
			<key>sourceTree</key>
			<string>&lt;group&gt;</string>
		</dict>
		<key>4E7BFF4C1906708E00A49102</key>
		<dict>
			<key>fileEncoding</key>
			<string>4</string>
			<key>isa</key>
			<string>PBXFileReference</string>
			<key>lastKnownFileType</key>
			<string>sourcecode.c.h</string>
			<key>name</key>
			<string>TNEmptyStateView.h</string>
			<key>path</key>
			<string>TNEmptyStateView.h</string>
			<key>sourceTree</key>
			<string>&lt;group&gt;</string>
		</dict>
		<key>4E7BFF4D1906708E00A49102</key>
		<dict>
			<key>fileEncoding</key>
			<string>4</string>
			<key>isa</key>
			<string>PBXFileReference</string>
			<key>lastKnownFileType</key>
			<string>sourcecode.c.objc</string>
			<key>name</key>
			<string>TNEmptyStateView.m</string>
			<key>path</key>
			<string>TNEmptyStateView.m</string>
			<key>sourceTree</key>
			<string>&lt;group&gt;</string>
		</dict>
		<key>4E7BFF4E1906708E00A49102</key>
		<dict>
			<key>fileRef</key>
			<string>4E7BFF4D1906708E00A49102</string>
			<key>isa</key>
			<string>PBXBuildFile</string>
		</dict>
		<key>4E7BFF531906A72E00A49102</key>
		<dict>
			<key>isa</key>
			<string>PBXFileReference</string>
			<key>lastKnownFileType</key>
			<string>wrapper.framework</string>
			<key>name</key>
			<string>SystemConfiguration.framework</string>
			<key>path</key>
			<string>System/Library/Frameworks/SystemConfiguration.framework</string>
			<key>sourceTree</key>
			<string>SDKROOT</string>
		</dict>
		<key>4E7BFF541906A72E00A49102</key>
		<dict>
			<key>fileRef</key>
			<string>4E7BFF531906A72E00A49102</string>
			<key>isa</key>
			<string>PBXBuildFile</string>
		</dict>
		<key>4E7BFF551906BA3B00A49102</key>
		<dict>
			<key>fileEncoding</key>
			<string>4</string>
			<key>isa</key>
			<string>PBXFileReference</string>
			<key>lastKnownFileType</key>
			<string>sourcecode.c.h</string>
			<key>name</key>
			<string>DNMOTDViewController.h</string>
			<key>path</key>
			<string>DNMOTDViewController.h</string>
			<key>sourceTree</key>
			<string>&lt;group&gt;</string>
		</dict>
		<key>4E7BFF581906BDB300A49102</key>
		<dict>
			<key>fileEncoding</key>
			<string>4</string>
			<key>isa</key>
			<string>PBXFileReference</string>
			<key>lastKnownFileType</key>
			<string>sourcecode.c.h</string>
			<key>name</key>
			<string>DNPresentMOTDTransition.h</string>
			<key>path</key>
			<string>DNPresentMOTDTransition.h</string>
			<key>sourceTree</key>
			<string>&lt;group&gt;</string>
		</dict>
		<key>4E7BFF591906BDB300A49102</key>
		<dict>
			<key>fileEncoding</key>
			<string>4</string>
			<key>isa</key>
			<string>PBXFileReference</string>
			<key>lastKnownFileType</key>
			<string>sourcecode.c.objc</string>
			<key>name</key>
			<string>DNPresentMOTDTransition.m</string>
			<key>path</key>
			<string>DNPresentMOTDTransition.m</string>
			<key>sourceTree</key>
			<string>&lt;group&gt;</string>
		</dict>
		<key>4E7BFF5A1906BDB300A49102</key>
		<dict>
			<key>fileRef</key>
			<string>4E7BFF591906BDB300A49102</string>
			<key>isa</key>
			<string>PBXBuildFile</string>
		</dict>
		<key>4E7BFF5B1906DAA800A49102</key>
		<dict>
			<key>fileEncoding</key>
			<string>4</string>
			<key>isa</key>
			<string>PBXFileReference</string>
			<key>lastKnownFileType</key>
			<string>sourcecode.c.h</string>
			<key>name</key>
			<string>DNContainerViewController.h</string>
			<key>path</key>
			<string>DNContainerViewController.h</string>
			<key>sourceTree</key>
			<string>&lt;group&gt;</string>
		</dict>
		<key>4E7BFF5C1906DAA800A49102</key>
		<dict>
			<key>fileEncoding</key>
			<string>4</string>
			<key>isa</key>
			<string>PBXFileReference</string>
			<key>lastKnownFileType</key>
			<string>sourcecode.c.objc</string>
			<key>name</key>
			<string>DNContainerViewController.m</string>
			<key>path</key>
			<string>DNContainerViewController.m</string>
			<key>sourceTree</key>
			<string>&lt;group&gt;</string>
		</dict>
		<key>4E7BFF5D1906DAA800A49102</key>
		<dict>
			<key>fileRef</key>
			<string>4E7BFF5C1906DAA800A49102</string>
			<key>isa</key>
			<string>PBXBuildFile</string>
		</dict>
		<key>4E84011518E17B4F00E3AB34</key>
		<dict>
			<key>fileEncoding</key>
			<string>4</string>
			<key>isa</key>
			<string>PBXFileReference</string>
			<key>lastKnownFileType</key>
			<string>sourcecode.c.h</string>
			<key>name</key>
			<string>DNFeedViewController.h</string>
			<key>path</key>
			<string>DNFeedViewController.h</string>
			<key>sourceTree</key>
			<string>&lt;group&gt;</string>
		</dict>
		<key>4E84011618E17B4F00E3AB34</key>
		<dict>
			<key>fileEncoding</key>
			<string>4</string>
			<key>isa</key>
			<string>PBXFileReference</string>
			<key>lastKnownFileType</key>
			<string>sourcecode.c.objc</string>
			<key>name</key>
			<string>DNFeedViewController.m</string>
			<key>path</key>
			<string>DNFeedViewController.m</string>
			<key>sourceTree</key>
			<string>&lt;group&gt;</string>
		</dict>
		<key>4E84011718E17B4F00E3AB34</key>
		<dict>
			<key>fileRef</key>
			<string>4E84011618E17B4F00E3AB34</string>
			<key>isa</key>
			<string>PBXBuildFile</string>
		</dict>
		<key>4E84011B18E3468F00E3AB34</key>
		<dict>
			<key>fileEncoding</key>
			<string>4</string>
			<key>isa</key>
			<string>PBXFileReference</string>
			<key>lastKnownFileType</key>
			<string>sourcecode.c.h</string>
			<key>name</key>
			<string>TNNotification.h</string>
			<key>path</key>
			<string>TNNotification.h</string>
			<key>sourceTree</key>
			<string>&lt;group&gt;</string>
		</dict>
		<key>4E84011C18E3468F00E3AB34</key>
		<dict>
			<key>fileEncoding</key>
			<string>4</string>
			<key>isa</key>
			<string>PBXFileReference</string>
			<key>lastKnownFileType</key>
			<string>sourcecode.c.objc</string>
			<key>name</key>
			<string>TNNotification.m</string>
			<key>path</key>
			<string>TNNotification.m</string>
			<key>sourceTree</key>
			<string>&lt;group&gt;</string>
		</dict>
		<key>4E84011D18E3468F00E3AB34</key>
		<dict>
			<key>fileRef</key>
			<string>4E84011C18E3468F00E3AB34</string>
			<key>isa</key>
			<string>PBXBuildFile</string>
		</dict>
		<key>4E8402F518E4FDCD00E3AB34</key>
		<dict>
			<key>fileEncoding</key>
			<string>4</string>
			<key>isa</key>
			<string>PBXFileReference</string>
			<key>lastKnownFileType</key>
			<string>sourcecode.c.h</string>
			<key>name</key>
			<string>TNRefreshView.h</string>
			<key>path</key>
			<string>TNRefreshView.h</string>
			<key>sourceTree</key>
			<string>&lt;group&gt;</string>
		</dict>
		<key>4E8402F618E4FDCD00E3AB34</key>
		<dict>
			<key>fileEncoding</key>
			<string>4</string>
			<key>isa</key>
			<string>PBXFileReference</string>
			<key>lastKnownFileType</key>
			<string>sourcecode.c.objc</string>
			<key>name</key>
			<string>TNRefreshView.m</string>
			<key>path</key>
			<string>TNRefreshView.m</string>
			<key>sourceTree</key>
			<string>&lt;group&gt;</string>
		</dict>
		<key>4E8402F718E4FDCD00E3AB34</key>
		<dict>
			<key>fileRef</key>
			<string>4E8402F618E4FDCD00E3AB34</string>
			<key>isa</key>
			<string>PBXBuildFile</string>
		</dict>
		<key>4EA0BDB6190852D400E3FDE8</key>
		<dict>
			<key>fileEncoding</key>
			<string>4</string>
			<key>isa</key>
			<string>PBXFileReference</string>
			<key>lastKnownFileType</key>
			<string>sourcecode.c.h</string>
			<key>name</key>
			<string>DNSearchViewController.h</string>
			<key>path</key>
			<string>DNSearchViewController.h</string>
			<key>sourceTree</key>
			<string>&lt;group&gt;</string>
		</dict>
		<key>4EA0BDB7190852D400E3FDE8</key>
		<dict>
			<key>fileEncoding</key>
			<string>4</string>
			<key>isa</key>
			<string>PBXFileReference</string>
			<key>lastKnownFileType</key>
			<string>sourcecode.c.objc</string>
			<key>name</key>
			<string>DNSearchViewController.m</string>
			<key>path</key>
			<string>DNSearchViewController.m</string>
			<key>sourceTree</key>
			<string>&lt;group&gt;</string>
		</dict>
		<key>4EA0BDB8190852D400E3FDE8</key>
		<dict>
			<key>fileRef</key>
			<string>4EA0BDB7190852D400E3FDE8</string>
			<key>isa</key>
			<string>PBXBuildFile</string>
		</dict>
		<key>4EA4CBE9192E604F007668B9</key>
		<dict>
			<key>children</key>
			<array>
				<string>4E4E1BDA18AD98E500B87E7A</string>
			</array>
			<key>isa</key>
			<string>PBXGroup</string>
			<key>name</key>
			<string>Resources</string>
			<key>path</key>
			<string>Resources</string>
			<key>sourceTree</key>
			<string>&lt;group&gt;</string>
		</dict>
		<key>4EA7564118F1F0E30089346D</key>
		<dict>
			<key>fileEncoding</key>
			<string>4</string>
			<key>isa</key>
			<string>PBXFileReference</string>
			<key>lastKnownFileType</key>
			<string>sourcecode.c.h</string>
			<key>name</key>
			<string>TNHeaderView.h</string>
			<key>path</key>
			<string>TNHeaderView.h</string>
			<key>sourceTree</key>
			<string>&lt;group&gt;</string>
		</dict>
		<key>4EA7564218F1F0E30089346D</key>
		<dict>
			<key>fileEncoding</key>
			<string>4</string>
			<key>isa</key>
			<string>PBXFileReference</string>
			<key>lastKnownFileType</key>
			<string>sourcecode.c.objc</string>
			<key>name</key>
			<string>TNHeaderView.m</string>
			<key>path</key>
			<string>TNHeaderView.m</string>
			<key>sourceTree</key>
			<string>&lt;group&gt;</string>
		</dict>
		<key>4EA7564318F1F0E30089346D</key>
		<dict>
			<key>fileRef</key>
			<string>4EA7564218F1F0E30089346D</string>
			<key>isa</key>
			<string>PBXBuildFile</string>
		</dict>
		<key>4EA86396192D09D500C3A79B</key>
		<dict>
			<key>children</key>
			<array>
				<string>4EA929D9192C345B0032E469</string>
				<string>4EA929DA192C345B0032E469</string>
			</array>
			<key>isa</key>
			<string>PBXGroup</string>
			<key>name</key>
			<string>WelcomeViewController</string>
			<key>path</key>
			<string>WelcomeViewController</string>
			<key>sourceTree</key>
			<string>&lt;group&gt;</string>
		</dict>
		<key>4EA86397192D09E100C3A79B</key>
		<dict>
			<key>children</key>
			<array>
				<string>4EA929DC192C347B0032E469</string>
				<string>4EA929DD192C347B0032E469</string>
			</array>
			<key>isa</key>
			<string>PBXGroup</string>
			<key>name</key>
			<string>TutorialViewController</string>
			<key>path</key>
			<string>TutorialViewController</string>
			<key>sourceTree</key>
			<string>&lt;group&gt;</string>
		</dict>
		<key>4EA929D4192C319D0032E469</key>
		<dict>
			<key>children</key>
			<array>
				<string>4E4E1BB818AD989300B87E7A</string>
				<string>4E4E1BB918AD989300B87E7A</string>
			</array>
			<key>isa</key>
			<string>PBXGroup</string>
			<key>name</key>
			<string>HomeViewController</string>
			<key>path</key>
			<string>HomeViewController</string>
			<key>sourceTree</key>
			<string>&lt;group&gt;</string>
		</dict>
		<key>4EA929D5192C31E60032E469</key>
		<dict>
			<key>children</key>
			<array>
				<string>4E4E1BBA18AD989300B87E7A</string>
				<string>4E4E1BBB18AD989300B87E7A</string>
			</array>
			<key>isa</key>
			<string>PBXGroup</string>
			<key>name</key>
			<string>LaunchViewController</string>
			<key>path</key>
			<string>LaunchViewController</string>
			<key>sourceTree</key>
			<string>&lt;group&gt;</string>
		</dict>
		<key>4EA929D6192C32060032E469</key>
		<dict>
			<key>children</key>
			<array>
				<string>4EBB4E9918D7B626008BB571</string>
				<string>4EBB4E9818D7B626008BB571</string>
			</array>
			<key>isa</key>
			<string>PBXGroup</string>
			<key>name</key>
			<string>PostViewController</string>
			<key>path</key>
			<string>PostViewController</string>
			<key>sourceTree</key>
			<string>&lt;group&gt;</string>
		</dict>
		<key>4EA929D7192C32800032E469</key>
		<dict>
			<key>children</key>
			<array>
				<string>4EA0BDB6190852D400E3FDE8</string>
				<string>4EA0BDB7190852D400E3FDE8</string>
			</array>
			<key>isa</key>
			<string>PBXGroup</string>
			<key>name</key>
			<string>SearchViewController</string>
			<key>path</key>
			<string>SearchViewController</string>
			<key>sourceTree</key>
			<string>&lt;group&gt;</string>
		</dict>
		<key>4EA929D8192C32A10032E469</key>
		<dict>
			<key>children</key>
			<array>
				<string>4E7BFF551906BA3B00A49102</string>
				<string>4EDADC1719228A3E0097754A</string>
			</array>
			<key>isa</key>
			<string>PBXGroup</string>
			<key>name</key>
			<string>MOTDViewController</string>
			<key>path</key>
			<string>MOTDViewController</string>
			<key>sourceTree</key>
			<string>&lt;group&gt;</string>
		</dict>
		<key>4EA929D9192C345B0032E469</key>
		<dict>
			<key>fileEncoding</key>
			<string>4</string>
			<key>isa</key>
			<string>PBXFileReference</string>
			<key>lastKnownFileType</key>
			<string>sourcecode.c.h</string>
			<key>name</key>
			<string>TNWelcomeViewController.h</string>
			<key>path</key>
			<string>TNWelcomeViewController.h</string>
			<key>sourceTree</key>
			<string>&lt;group&gt;</string>
		</dict>
		<key>4EA929DA192C345B0032E469</key>
		<dict>
			<key>fileEncoding</key>
			<string>4</string>
			<key>isa</key>
			<string>PBXFileReference</string>
			<key>lastKnownFileType</key>
			<string>sourcecode.c.objc</string>
			<key>name</key>
			<string>TNWelcomeViewController.m</string>
			<key>path</key>
			<string>TNWelcomeViewController.m</string>
			<key>sourceTree</key>
			<string>&lt;group&gt;</string>
		</dict>
		<key>4EA929DB192C345B0032E469</key>
		<dict>
			<key>fileRef</key>
			<string>4EA929DA192C345B0032E469</string>
			<key>isa</key>
			<string>PBXBuildFile</string>
		</dict>
		<key>4EA929DC192C347B0032E469</key>
		<dict>
			<key>fileEncoding</key>
			<string>4</string>
			<key>isa</key>
			<string>PBXFileReference</string>
			<key>lastKnownFileType</key>
			<string>sourcecode.c.h</string>
			<key>name</key>
			<string>TNTutorialViewController.h</string>
			<key>path</key>
			<string>TNTutorialViewController.h</string>
			<key>sourceTree</key>
			<string>&lt;group&gt;</string>
		</dict>
		<key>4EA929DD192C347B0032E469</key>
		<dict>
			<key>fileEncoding</key>
			<string>4</string>
			<key>isa</key>
			<string>PBXFileReference</string>
			<key>lastKnownFileType</key>
			<string>sourcecode.c.objc</string>
			<key>name</key>
			<string>TNTutorialViewController.m</string>
			<key>path</key>
			<string>TNTutorialViewController.m</string>
			<key>sourceTree</key>
			<string>&lt;group&gt;</string>
		</dict>
		<key>4EA929DE192C347B0032E469</key>
		<dict>
			<key>fileRef</key>
			<string>4EA929DD192C347B0032E469</string>
			<key>isa</key>
			<string>PBXBuildFile</string>
		</dict>
		<key>4EAE9A6F190BCCBB0003C829</key>
		<dict>
			<key>fileEncoding</key>
			<string>4</string>
			<key>isa</key>
			<string>PBXFileReference</string>
			<key>lastKnownFileType</key>
			<string>sourcecode.c.h</string>
			<key>name</key>
			<string>DNDismissMOTDTransistion.h</string>
			<key>path</key>
			<string>DNDismissMOTDTransistion.h</string>
			<key>sourceTree</key>
			<string>&lt;group&gt;</string>
		</dict>
		<key>4EAE9A70190BCCBB0003C829</key>
		<dict>
			<key>fileEncoding</key>
			<string>4</string>
			<key>isa</key>
			<string>PBXFileReference</string>
			<key>lastKnownFileType</key>
			<string>sourcecode.c.objc</string>
			<key>name</key>
			<string>DNDismissMOTDTransistion.m</string>
			<key>path</key>
			<string>DNDismissMOTDTransistion.m</string>
			<key>sourceTree</key>
			<string>&lt;group&gt;</string>
		</dict>
		<key>4EAE9A71190BCCBB0003C829</key>
		<dict>
			<key>fileRef</key>
			<string>4EAE9A70190BCCBB0003C829</string>
			<key>isa</key>
			<string>PBXBuildFile</string>
		</dict>
		<key>4EAE9A72190C15C40003C829</key>
		<dict>
			<key>fileEncoding</key>
			<string>4</string>
			<key>isa</key>
			<string>PBXFileReference</string>
			<key>lastKnownFileType</key>
			<string>sourcecode.c.h</string>
			<key>name</key>
			<string>HNContainerViewController.h</string>
			<key>path</key>
			<string>HNContainerViewController.h</string>
			<key>sourceTree</key>
			<string>&lt;group&gt;</string>
		</dict>
		<key>4EAE9A73190C15C40003C829</key>
		<dict>
			<key>fileEncoding</key>
			<string>4</string>
			<key>isa</key>
			<string>PBXFileReference</string>
			<key>lastKnownFileType</key>
			<string>sourcecode.c.objc</string>
			<key>name</key>
			<string>HNContainerViewController.m</string>
			<key>path</key>
			<string>HNContainerViewController.m</string>
			<key>sourceTree</key>
			<string>&lt;group&gt;</string>
		</dict>
		<key>4EAE9A74190C15C40003C829</key>
		<dict>
			<key>fileRef</key>
			<string>4EAE9A73190C15C40003C829</string>
			<key>isa</key>
			<string>PBXBuildFile</string>
		</dict>
		<key>4EAE9A75190C2A980003C829</key>
		<dict>
			<key>fileEncoding</key>
			<string>4</string>
			<key>isa</key>
			<string>PBXFileReference</string>
			<key>lastKnownFileType</key>
			<string>sourcecode.c.h</string>
			<key>name</key>
			<string>DNCommentsViewController.h</string>
			<key>path</key>
			<string>DNCommentsViewController.h</string>
			<key>sourceTree</key>
			<string>&lt;group&gt;</string>
		</dict>
		<key>4EAE9A76190C2A980003C829</key>
		<dict>
			<key>fileEncoding</key>
			<string>4</string>
			<key>isa</key>
			<string>PBXFileReference</string>
			<key>lastKnownFileType</key>
			<string>sourcecode.c.objc</string>
			<key>name</key>
			<string>DNCommentsViewController.m</string>
			<key>path</key>
			<string>DNCommentsViewController.m</string>
			<key>sourceTree</key>
			<string>&lt;group&gt;</string>
		</dict>
		<key>4EAE9A77190C2A980003C829</key>
		<dict>
			<key>fileEncoding</key>
			<string>4</string>
			<key>isa</key>
			<string>PBXFileReference</string>
			<key>lastKnownFileType</key>
			<string>sourcecode.c.h</string>
			<key>name</key>
			<string>HNCommentsViewController.h</string>
			<key>path</key>
			<string>HNCommentsViewController.h</string>
			<key>sourceTree</key>
			<string>&lt;group&gt;</string>
		</dict>
		<key>4EAE9A78190C2A980003C829</key>
		<dict>
			<key>fileEncoding</key>
			<string>4</string>
			<key>isa</key>
			<string>PBXFileReference</string>
			<key>lastKnownFileType</key>
			<string>sourcecode.c.objc</string>
			<key>name</key>
			<string>HNCommentsViewController.m</string>
			<key>path</key>
			<string>HNCommentsViewController.m</string>
			<key>sourceTree</key>
			<string>&lt;group&gt;</string>
		</dict>
		<key>4EAE9A79190C2A980003C829</key>
		<dict>
			<key>fileEncoding</key>
			<string>4</string>
			<key>isa</key>
			<string>PBXFileReference</string>
			<key>lastKnownFileType</key>
			<string>sourcecode.c.h</string>
			<key>name</key>
			<string>TNCommentsViewController.h</string>
			<key>path</key>
			<string>TNCommentsViewController.h</string>
			<key>sourceTree</key>
			<string>&lt;group&gt;</string>
		</dict>
		<key>4EAE9A7A190C2A980003C829</key>
		<dict>
			<key>fileEncoding</key>
			<string>4</string>
			<key>isa</key>
			<string>PBXFileReference</string>
			<key>lastKnownFileType</key>
			<string>sourcecode.c.objc</string>
			<key>name</key>
			<string>TNCommentsViewController.m</string>
			<key>path</key>
			<string>TNCommentsViewController.m</string>
			<key>sourceTree</key>
			<string>&lt;group&gt;</string>
		</dict>
		<key>4EAE9A7B190C2A980003C829</key>
		<dict>
			<key>fileRef</key>
			<string>4EAE9A76190C2A980003C829</string>
			<key>isa</key>
			<string>PBXBuildFile</string>
		</dict>
		<key>4EAE9A7C190C2A980003C829</key>
		<dict>
			<key>fileRef</key>
			<string>4EAE9A78190C2A980003C829</string>
			<key>isa</key>
			<string>PBXBuildFile</string>
		</dict>
		<key>4EAE9A7D190C2A980003C829</key>
		<dict>
			<key>fileRef</key>
			<string>4EAE9A7A190C2A980003C829</string>
			<key>isa</key>
			<string>PBXBuildFile</string>
		</dict>
		<key>4EAE9A7E190C2AB70003C829</key>
		<dict>
			<key>fileEncoding</key>
			<string>4</string>
			<key>isa</key>
			<string>PBXFileReference</string>
			<key>lastKnownFileType</key>
			<string>sourcecode.c.h</string>
			<key>name</key>
			<string>TNCommentCell.h</string>
			<key>path</key>
			<string>TNCommentCell.h</string>
			<key>sourceTree</key>
			<string>&lt;group&gt;</string>
		</dict>
		<key>4EAE9A7F190C2AB70003C829</key>
		<dict>
			<key>fileEncoding</key>
			<string>4</string>
			<key>isa</key>
			<string>PBXFileReference</string>
			<key>lastKnownFileType</key>
			<string>sourcecode.c.objc</string>
			<key>name</key>
			<string>TNCommentCell.m</string>
			<key>path</key>
			<string>TNCommentCell.m</string>
			<key>sourceTree</key>
			<string>&lt;group&gt;</string>
		</dict>
		<key>4EAE9A80190C2AB70003C829</key>
		<dict>
			<key>fileRef</key>
			<string>4EAE9A7F190C2AB70003C829</string>
			<key>isa</key>
			<string>PBXBuildFile</string>
		</dict>
		<key>4EAE9A81190C2B170003C829</key>
		<dict>
			<key>children</key>
			<array>
				<string>4EAE9A82190C2B170003C829</string>
				<string>4EAE9A83190C2B170003C829</string>
				<string>4EAE9A84190C2B170003C829</string>
			</array>
			<key>isa</key>
			<string>PBXGroup</string>
			<key>name</key>
			<string>DNManager</string>
			<key>path</key>
			<string>DNManager</string>
			<key>sourceTree</key>
			<string>&lt;group&gt;</string>
		</dict>
		<key>4EAE9A82190C2B170003C829</key>
		<dict>
			<key>fileEncoding</key>
			<string>4</string>
			<key>isa</key>
			<string>PBXFileReference</string>
			<key>lastKnownFileType</key>
			<string>sourcecode.c.h</string>
			<key>path</key>
			<string>DNManager.h</string>
			<key>sourceTree</key>
			<string>&lt;group&gt;</string>
		</dict>
		<key>4EAE9A83190C2B170003C829</key>
		<dict>
			<key>fileEncoding</key>
			<string>4</string>
			<key>isa</key>
			<string>PBXFileReference</string>
			<key>lastKnownFileType</key>
			<string>sourcecode.c.objc</string>
			<key>path</key>
			<string>DNManager.m</string>
			<key>sourceTree</key>
			<string>&lt;group&gt;</string>
		</dict>
		<key>4EAE9A84190C2B170003C829</key>
		<dict>
			<key>children</key>
			<array>
				<string>4EAE9A85190C2B170003C829</string>
				<string>4EAE9A86190C2B170003C829</string>
				<string>4EAE9A87190C2B170003C829</string>
				<string>4EAE9A88190C2B170003C829</string>
				<string>4EAE9A89190C2B170003C829</string>
				<string>4EAE9A8A190C2B170003C829</string>
				<string>4EAE9A8B190C2B170003C829</string>
				<string>4EAE9A8C190C2B170003C829</string>
			</array>
			<key>isa</key>
			<string>PBXGroup</string>
			<key>path</key>
			<string>Models</string>
			<key>sourceTree</key>
			<string>&lt;group&gt;</string>
		</dict>
		<key>4EAE9A85190C2B170003C829</key>
		<dict>
			<key>fileEncoding</key>
			<string>4</string>
			<key>isa</key>
			<string>PBXFileReference</string>
			<key>lastKnownFileType</key>
			<string>sourcecode.c.h</string>
			<key>path</key>
			<string>DNComment.h</string>
			<key>sourceTree</key>
			<string>&lt;group&gt;</string>
		</dict>
		<key>4EAE9A86190C2B170003C829</key>
		<dict>
			<key>fileEncoding</key>
			<string>4</string>
			<key>isa</key>
			<string>PBXFileReference</string>
			<key>lastKnownFileType</key>
			<string>sourcecode.c.objc</string>
			<key>path</key>
			<string>DNComment.m</string>
			<key>sourceTree</key>
			<string>&lt;group&gt;</string>
		</dict>
		<key>4EAE9A87190C2B170003C829</key>
		<dict>
			<key>fileEncoding</key>
			<string>4</string>
			<key>isa</key>
			<string>PBXFileReference</string>
			<key>lastKnownFileType</key>
			<string>sourcecode.c.h</string>
			<key>path</key>
			<string>DNMOTD.h</string>
			<key>sourceTree</key>
			<string>&lt;group&gt;</string>
		</dict>
		<key>4EAE9A88190C2B170003C829</key>
		<dict>
			<key>fileEncoding</key>
			<string>4</string>
			<key>isa</key>
			<string>PBXFileReference</string>
			<key>lastKnownFileType</key>
			<string>sourcecode.c.objc</string>
			<key>path</key>
			<string>DNMOTD.m</string>
			<key>sourceTree</key>
			<string>&lt;group&gt;</string>
		</dict>
		<key>4EAE9A89190C2B170003C829</key>
		<dict>
			<key>fileEncoding</key>
			<string>4</string>
			<key>isa</key>
			<string>PBXFileReference</string>
			<key>lastKnownFileType</key>
			<string>sourcecode.c.h</string>
			<key>path</key>
			<string>DNStory.h</string>
			<key>sourceTree</key>
			<string>&lt;group&gt;</string>
		</dict>
		<key>4EAE9A8A190C2B170003C829</key>
		<dict>
			<key>fileEncoding</key>
			<string>4</string>
			<key>isa</key>
			<string>PBXFileReference</string>
			<key>lastKnownFileType</key>
			<string>sourcecode.c.objc</string>
			<key>path</key>
			<string>DNStory.m</string>
			<key>sourceTree</key>
			<string>&lt;group&gt;</string>
		</dict>
		<key>4EAE9A8B190C2B170003C829</key>
		<dict>
			<key>fileEncoding</key>
			<string>4</string>
			<key>isa</key>
			<string>PBXFileReference</string>
			<key>lastKnownFileType</key>
			<string>sourcecode.c.h</string>
			<key>path</key>
			<string>DNUser.h</string>
			<key>sourceTree</key>
			<string>&lt;group&gt;</string>
		</dict>
		<key>4EAE9A8C190C2B170003C829</key>
		<dict>
			<key>fileEncoding</key>
			<string>4</string>
			<key>isa</key>
			<string>PBXFileReference</string>
			<key>lastKnownFileType</key>
			<string>sourcecode.c.objc</string>
			<key>path</key>
			<string>DNUser.m</string>
			<key>sourceTree</key>
			<string>&lt;group&gt;</string>
		</dict>
		<key>4EAE9A8D190C2B170003C829</key>
		<dict>
			<key>children</key>
			<array>
				<string>4EAE9A8E190C2B170003C829</string>
				<string>4EAE9A8F190C2B170003C829</string>
				<string>4EAE9A90190C2B170003C829</string>
				<string>4EAE9A91190C2B170003C829</string>
				<string>4EAE9A92190C2B170003C829</string>
				<string>4EAE9A93190C2B170003C829</string>
				<string>4EAE9A94190C2B170003C829</string>
				<string>4EAE9A95190C2B170003C829</string>
			</array>
			<key>isa</key>
			<string>PBXGroup</string>
			<key>name</key>
			<string>JSMessage</string>
			<key>path</key>
			<string>JSMessage</string>
			<key>sourceTree</key>
			<string>&lt;group&gt;</string>
		</dict>
		<key>4EAE9A8E190C2B170003C829</key>
		<dict>
			<key>fileEncoding</key>
			<string>4</string>
			<key>isa</key>
			<string>PBXFileReference</string>
			<key>lastKnownFileType</key>
			<string>sourcecode.c.h</string>
			<key>path</key>
			<string>JSDismissiveTextView.h</string>
			<key>sourceTree</key>
			<string>&lt;group&gt;</string>
		</dict>
		<key>4EAE9A8F190C2B170003C829</key>
		<dict>
			<key>fileEncoding</key>
			<string>4</string>
			<key>isa</key>
			<string>PBXFileReference</string>
			<key>lastKnownFileType</key>
			<string>sourcecode.c.objc</string>
			<key>path</key>
			<string>JSDismissiveTextView.m</string>
			<key>sourceTree</key>
			<string>&lt;group&gt;</string>
		</dict>
		<key>4EAE9A90190C2B170003C829</key>
		<dict>
			<key>fileEncoding</key>
			<string>4</string>
			<key>isa</key>
			<string>PBXFileReference</string>
			<key>lastKnownFileType</key>
			<string>sourcecode.c.h</string>
			<key>path</key>
			<string>JSMessageInputView.h</string>
			<key>sourceTree</key>
			<string>&lt;group&gt;</string>
		</dict>
		<key>4EAE9A91190C2B170003C829</key>
		<dict>
			<key>fileEncoding</key>
			<string>4</string>
			<key>isa</key>
			<string>PBXFileReference</string>
			<key>lastKnownFileType</key>
			<string>sourcecode.c.objc</string>
			<key>path</key>
			<string>JSMessageInputView.m</string>
			<key>sourceTree</key>
			<string>&lt;group&gt;</string>
		</dict>
		<key>4EAE9A92190C2B170003C829</key>
		<dict>
			<key>fileEncoding</key>
			<string>4</string>
			<key>isa</key>
			<string>PBXFileReference</string>
			<key>lastKnownFileType</key>
			<string>sourcecode.c.h</string>
			<key>path</key>
			<string>JSMessageTextView.h</string>
			<key>sourceTree</key>
			<string>&lt;group&gt;</string>
		</dict>
		<key>4EAE9A93190C2B170003C829</key>
		<dict>
			<key>fileEncoding</key>
			<string>4</string>
			<key>isa</key>
			<string>PBXFileReference</string>
			<key>lastKnownFileType</key>
			<string>sourcecode.c.objc</string>
			<key>path</key>
			<string>JSMessageTextView.m</string>
			<key>sourceTree</key>
			<string>&lt;group&gt;</string>
		</dict>
		<key>4EAE9A94190C2B170003C829</key>
		<dict>
			<key>fileEncoding</key>
			<string>4</string>
			<key>isa</key>
			<string>PBXFileReference</string>
			<key>lastKnownFileType</key>
			<string>sourcecode.c.h</string>
			<key>path</key>
			<string>NSString+JSMessagesView.h</string>
			<key>sourceTree</key>
			<string>&lt;group&gt;</string>
		</dict>
		<key>4EAE9A95190C2B170003C829</key>
		<dict>
			<key>fileEncoding</key>
			<string>4</string>
			<key>isa</key>
			<string>PBXFileReference</string>
			<key>lastKnownFileType</key>
			<string>sourcecode.c.objc</string>
			<key>path</key>
			<string>NSString+JSMessagesView.m</string>
			<key>sourceTree</key>
			<string>&lt;group&gt;</string>
		</dict>
		<key>4EAE9ACE190C2B170003C829</key>
		<dict>
			<key>fileRef</key>
			<string>4EAE9A83190C2B170003C829</string>
			<key>isa</key>
			<string>PBXBuildFile</string>
		</dict>
		<key>4EAE9ACF190C2B170003C829</key>
		<dict>
			<key>fileRef</key>
			<string>4EAE9A86190C2B170003C829</string>
			<key>isa</key>
			<string>PBXBuildFile</string>
		</dict>
		<key>4EAE9AD0190C2B170003C829</key>
		<dict>
			<key>fileRef</key>
			<string>4EAE9A88190C2B170003C829</string>
			<key>isa</key>
			<string>PBXBuildFile</string>
		</dict>
		<key>4EAE9AD1190C2B170003C829</key>
		<dict>
			<key>fileRef</key>
			<string>4EAE9A8A190C2B170003C829</string>
			<key>isa</key>
			<string>PBXBuildFile</string>
		</dict>
		<key>4EAE9AD2190C2B170003C829</key>
		<dict>
			<key>fileRef</key>
			<string>4EAE9A8C190C2B170003C829</string>
			<key>isa</key>
			<string>PBXBuildFile</string>
		</dict>
		<key>4EAE9AD3190C2B170003C829</key>
		<dict>
			<key>fileRef</key>
			<string>4EAE9A8F190C2B170003C829</string>
			<key>isa</key>
			<string>PBXBuildFile</string>
		</dict>
		<key>4EAE9AD4190C2B170003C829</key>
		<dict>
			<key>fileRef</key>
			<string>4EAE9A91190C2B170003C829</string>
			<key>isa</key>
			<string>PBXBuildFile</string>
		</dict>
		<key>4EAE9AD5190C2B170003C829</key>
		<dict>
			<key>fileRef</key>
			<string>4EAE9A93190C2B170003C829</string>
			<key>isa</key>
			<string>PBXBuildFile</string>
		</dict>
		<key>4EAE9AD6190C2B170003C829</key>
		<dict>
			<key>fileRef</key>
			<string>4EAE9A95190C2B170003C829</string>
			<key>isa</key>
			<string>PBXBuildFile</string>
		</dict>
		<key>4EAE9B08190C2CA60003C829</key>
		<dict>
			<key>children</key>
			<array>
				<string>4EBB4E9B18D7B626008BB571</string>
				<string>4EBB4E9A18D7B626008BB571</string>
				<string>4E7BFF5B1906DAA800A49102</string>
				<string>4E7BFF5C1906DAA800A49102</string>
				<string>4EAE9A72190C15C40003C829</string>
				<string>4EAE9A73190C15C40003C829</string>
			</array>
			<key>isa</key>
			<string>PBXGroup</string>
			<key>name</key>
			<string>ContainerViewController</string>
			<key>path</key>
			<string>ContainerViewController</string>
			<key>sourceTree</key>
			<string>&lt;group&gt;</string>
		</dict>
		<key>4EB56CE0191D4C4B00DC151A</key>
		<dict>
			<key>fileEncoding</key>
			<string>4</string>
			<key>isa</key>
			<string>PBXFileReference</string>
			<key>lastKnownFileType</key>
			<string>sourcecode.c.h</string>
			<key>name</key>
			<string>HNSettingsViewController.h</string>
			<key>path</key>
			<string>HNSettingsViewController.h</string>
			<key>sourceTree</key>
			<string>&lt;group&gt;</string>
		</dict>
		<key>4EB56CE1191D4C4B00DC151A</key>
		<dict>
			<key>fileEncoding</key>
			<string>4</string>
			<key>isa</key>
			<string>PBXFileReference</string>
			<key>lastKnownFileType</key>
			<string>sourcecode.c.objc</string>
			<key>name</key>
			<string>HNSettingsViewController.m</string>
			<key>path</key>
			<string>HNSettingsViewController.m</string>
			<key>sourceTree</key>
			<string>&lt;group&gt;</string>
		</dict>
		<key>4EB56CE2191D4C4B00DC151A</key>
		<dict>
			<key>fileRef</key>
			<string>4EB56CE1191D4C4B00DC151A</string>
			<key>isa</key>
			<string>PBXBuildFile</string>
		</dict>
		<key>4EBB4E9418D7B5F7008BB571</key>
		<dict>
			<key>fileEncoding</key>
			<string>4</string>
			<key>isa</key>
			<string>PBXFileReference</string>
			<key>lastKnownFileType</key>
			<string>sourcecode.c.h</string>
			<key>name</key>
			<string>TNTypeEnum.h</string>
			<key>path</key>
			<string>TNTypeEnum.h</string>
			<key>sourceTree</key>
			<string>&lt;group&gt;</string>
		</dict>
		<key>4EBB4E9518D7B60F008BB571</key>
		<dict>
			<key>fileEncoding</key>
			<string>4</string>
			<key>isa</key>
			<string>PBXFileReference</string>
			<key>lastKnownFileType</key>
			<string>sourcecode.c.objc</string>
			<key>name</key>
			<string>TNFormViewController.m</string>
			<key>path</key>
			<string>TNFormViewController.m</string>
			<key>sourceTree</key>
			<string>&lt;group&gt;</string>
		</dict>
		<key>4EBB4E9618D7B60F008BB571</key>
		<dict>
			<key>fileEncoding</key>
			<string>4</string>
			<key>isa</key>
			<string>PBXFileReference</string>
			<key>lastKnownFileType</key>
			<string>sourcecode.c.h</string>
			<key>name</key>
			<string>TNFormViewController.h</string>
			<key>path</key>
			<string>TNFormViewController.h</string>
			<key>sourceTree</key>
			<string>&lt;group&gt;</string>
		</dict>
		<key>4EBB4E9718D7B60F008BB571</key>
		<dict>
			<key>fileRef</key>
			<string>4EBB4E9518D7B60F008BB571</string>
			<key>isa</key>
			<string>PBXBuildFile</string>
		</dict>
		<key>4EBB4E9818D7B626008BB571</key>
		<dict>
			<key>fileEncoding</key>
			<string>4</string>
			<key>isa</key>
			<string>PBXFileReference</string>
			<key>lastKnownFileType</key>
			<string>sourcecode.c.objc</string>
			<key>name</key>
			<string>TNPostViewController.m</string>
			<key>path</key>
			<string>TNPostViewController.m</string>
			<key>sourceTree</key>
			<string>&lt;group&gt;</string>
		</dict>
		<key>4EBB4E9918D7B626008BB571</key>
		<dict>
			<key>fileEncoding</key>
			<string>4</string>
			<key>isa</key>
			<string>PBXFileReference</string>
			<key>lastKnownFileType</key>
			<string>sourcecode.c.h</string>
			<key>name</key>
			<string>TNPostViewController.h</string>
			<key>path</key>
			<string>TNPostViewController.h</string>
			<key>sourceTree</key>
			<string>&lt;group&gt;</string>
		</dict>
		<key>4EBB4E9A18D7B626008BB571</key>
		<dict>
			<key>fileEncoding</key>
			<string>4</string>
			<key>isa</key>
			<string>PBXFileReference</string>
			<key>lastKnownFileType</key>
			<string>sourcecode.c.objc</string>
			<key>name</key>
			<string>TNContainerViewController.m</string>
			<key>path</key>
			<string>TNContainerViewController.m</string>
			<key>sourceTree</key>
			<string>&lt;group&gt;</string>
		</dict>
		<key>4EBB4E9B18D7B626008BB571</key>
		<dict>
			<key>fileEncoding</key>
			<string>4</string>
			<key>isa</key>
			<string>PBXFileReference</string>
			<key>lastKnownFileType</key>
			<string>sourcecode.c.h</string>
			<key>name</key>
			<string>TNContainerViewController.h</string>
			<key>path</key>
			<string>TNContainerViewController.h</string>
			<key>sourceTree</key>
			<string>&lt;group&gt;</string>
		</dict>
		<key>4EBB4E9E18D7B626008BB571</key>
		<dict>
			<key>fileRef</key>
			<string>4EBB4E9818D7B626008BB571</string>
			<key>isa</key>
			<string>PBXBuildFile</string>
		</dict>
		<key>4EBB4E9F18D7B626008BB571</key>
		<dict>
			<key>fileRef</key>
			<string>4EBB4E9A18D7B626008BB571</string>
			<key>isa</key>
			<string>PBXBuildFile</string>
		</dict>
		<key>4EBB4EA118D7B655008BB571</key>
		<dict>
			<key>fileEncoding</key>
			<string>4</string>
			<key>isa</key>
			<string>PBXFileReference</string>
			<key>lastKnownFileType</key>
			<string>sourcecode.c.objc</string>
			<key>name</key>
			<string>TNMenuView.m</string>
			<key>path</key>
			<string>TNMenuView.m</string>
			<key>sourceTree</key>
			<string>&lt;group&gt;</string>
		</dict>
		<key>4EBB4EA218D7B655008BB571</key>
		<dict>
			<key>fileEncoding</key>
			<string>4</string>
			<key>isa</key>
			<string>PBXFileReference</string>
			<key>lastKnownFileType</key>
			<string>sourcecode.c.h</string>
			<key>name</key>
			<string>TNMenuView.h</string>
			<key>path</key>
			<string>TNMenuView.h</string>
			<key>sourceTree</key>
			<string>&lt;group&gt;</string>
		</dict>
		<key>4EBB4EA518D7B655008BB571</key>
		<dict>
			<key>fileRef</key>
			<string>4EBB4EA118D7B655008BB571</string>
			<key>isa</key>
			<string>PBXBuildFile</string>
		</dict>
		<key>4EC1409118F12F350082E3C3</key>
		<dict>
			<key>fileEncoding</key>
			<string>4</string>
			<key>isa</key>
			<string>PBXFileReference</string>
			<key>lastKnownFileType</key>
			<string>sourcecode.c.h</string>
			<key>name</key>
			<string>HNFeedViewController.h</string>
			<key>path</key>
			<string>HNFeedViewController.h</string>
			<key>sourceTree</key>
			<string>&lt;group&gt;</string>
		</dict>
		<key>4EC1409218F12F350082E3C3</key>
		<dict>
			<key>fileEncoding</key>
			<string>4</string>
			<key>isa</key>
			<string>PBXFileReference</string>
			<key>lastKnownFileType</key>
			<string>sourcecode.c.objc</string>
			<key>name</key>
			<string>HNFeedViewController.m</string>
			<key>path</key>
			<string>HNFeedViewController.m</string>
			<key>sourceTree</key>
			<string>&lt;group&gt;</string>
		</dict>
		<key>4EC1409318F12F350082E3C3</key>
		<dict>
			<key>fileRef</key>
			<string>4EC1409218F12F350082E3C3</string>
			<key>isa</key>
			<string>PBXBuildFile</string>
		</dict>
		<key>4EC1409418F145330082E3C3</key>
		<dict>
			<key>fileEncoding</key>
			<string>4</string>
			<key>isa</key>
			<string>PBXFileReference</string>
			<key>lastKnownFileType</key>
			<string>sourcecode.c.h</string>
			<key>name</key>
			<string>DNFeedViewCell.h</string>
			<key>path</key>
			<string>DNFeedViewCell.h</string>
			<key>sourceTree</key>
			<string>&lt;group&gt;</string>
		</dict>
		<key>4EC1409518F145330082E3C3</key>
		<dict>
			<key>fileEncoding</key>
			<string>4</string>
			<key>isa</key>
			<string>PBXFileReference</string>
			<key>lastKnownFileType</key>
			<string>sourcecode.c.objc</string>
			<key>name</key>
			<string>DNFeedViewCell.m</string>
			<key>path</key>
			<string>DNFeedViewCell.m</string>
			<key>sourceTree</key>
			<string>&lt;group&gt;</string>
		</dict>
		<key>4EC1409618F145330082E3C3</key>
		<dict>
			<key>fileRef</key>
			<string>4EC1409518F145330082E3C3</string>
			<key>isa</key>
			<string>PBXBuildFile</string>
		</dict>
		<key>4EC1409718F145D20082E3C3</key>
		<dict>
			<key>fileEncoding</key>
			<string>4</string>
			<key>isa</key>
			<string>PBXFileReference</string>
			<key>lastKnownFileType</key>
			<string>sourcecode.c.h</string>
			<key>name</key>
			<string>HNFeedViewCell.h</string>
			<key>path</key>
			<string>HNFeedViewCell.h</string>
			<key>sourceTree</key>
			<string>&lt;group&gt;</string>
		</dict>
		<key>4EC1409818F145D20082E3C3</key>
		<dict>
			<key>fileEncoding</key>
			<string>4</string>
			<key>isa</key>
			<string>PBXFileReference</string>
			<key>lastKnownFileType</key>
			<string>sourcecode.c.objc</string>
			<key>name</key>
			<string>HNFeedViewCell.m</string>
			<key>path</key>
			<string>HNFeedViewCell.m</string>
			<key>sourceTree</key>
			<string>&lt;group&gt;</string>
		</dict>
		<key>4EC1409918F145D20082E3C3</key>
		<dict>
			<key>fileRef</key>
			<string>4EC1409818F145D20082E3C3</string>
			<key>isa</key>
			<string>PBXBuildFile</string>
		</dict>
		<key>4EC1409A18F149A30082E3C3</key>
		<dict>
			<key>children</key>
			<array>
				<string>4E4E1BC718AD98A100B87E7A</string>
				<string>4E4E1BC818AD98A100B87E7A</string>
				<string>4EC1409418F145330082E3C3</string>
				<string>4EC1409518F145330082E3C3</string>
				<string>4EC1409718F145D20082E3C3</string>
				<string>4EC1409818F145D20082E3C3</string>
				<string>4EF215431929187100D530F4</string>
				<string>4EF215441929187100D530F4</string>
			</array>
			<key>isa</key>
			<string>PBXGroup</string>
			<key>name</key>
			<string>FeedViewCell</string>
			<key>path</key>
			<string>FeedViewCell</string>
			<key>sourceTree</key>
			<string>&lt;group&gt;</string>
		</dict>
		<key>4ECE3DEC18DFC13100DC26FB</key>
		<dict>
			<key>isa</key>
			<string>PBXFileReference</string>
			<key>lastKnownFileType</key>
			<string>wrapper.framework</string>
			<key>name</key>
			<string>GoogleOpenSource.framework</string>
			<key>path</key>
			<string>Pods/OvershareKit/Dependencies/GooglePlus-SDK/GoogleOpenSource.framework</string>
			<key>sourceTree</key>
			<string>&lt;group&gt;</string>
		</dict>
		<key>4ECE3DED18DFC13100DC26FB</key>
		<dict>
			<key>isa</key>
			<string>PBXFileReference</string>
			<key>lastKnownFileType</key>
			<string>wrapper.plug-in</string>
			<key>name</key>
			<string>GooglePlus.bundle</string>
			<key>path</key>
			<string>Pods/OvershareKit/Dependencies/GooglePlus-SDK/GooglePlus.bundle</string>
			<key>sourceTree</key>
			<string>&lt;group&gt;</string>
		</dict>
		<key>4ECE3DEE18DFC13100DC26FB</key>
		<dict>
			<key>isa</key>
			<string>PBXFileReference</string>
			<key>lastKnownFileType</key>
			<string>wrapper.framework</string>
			<key>name</key>
			<string>GooglePlus.framework</string>
			<key>path</key>
			<string>Pods/OvershareKit/Dependencies/GooglePlus-SDK/GooglePlus.framework</string>
			<key>sourceTree</key>
			<string>&lt;group&gt;</string>
		</dict>
		<key>4ECE3DEF18DFC13100DC26FB</key>
		<dict>
			<key>fileRef</key>
			<string>4ECE3DEC18DFC13100DC26FB</string>
			<key>isa</key>
			<string>PBXBuildFile</string>
		</dict>
		<key>4ECE3DF018DFC13100DC26FB</key>
		<dict>
			<key>fileRef</key>
			<string>4ECE3DED18DFC13100DC26FB</string>
			<key>isa</key>
			<string>PBXBuildFile</string>
		</dict>
		<key>4ECE3DF118DFC13100DC26FB</key>
		<dict>
			<key>fileRef</key>
			<string>4ECE3DEE18DFC13100DC26FB</string>
			<key>isa</key>
			<string>PBXBuildFile</string>
		</dict>
		<key>4EDADBEE192243740097754A</key>
		<dict>
			<key>fileEncoding</key>
			<string>4</string>
			<key>isa</key>
			<string>PBXFileReference</string>
			<key>lastKnownFileType</key>
			<string>sourcecode.c.h</string>
			<key>name</key>
			<string>DNMOTDLabel.h</string>
			<key>path</key>
			<string>DNMOTDLabel.h</string>
			<key>sourceTree</key>
			<string>&lt;group&gt;</string>
		</dict>
		<key>4EDADBEF192243740097754A</key>
		<dict>
			<key>fileEncoding</key>
			<string>4</string>
			<key>isa</key>
			<string>PBXFileReference</string>
			<key>lastKnownFileType</key>
			<string>sourcecode.c.objc</string>
			<key>name</key>
			<string>DNMOTDLabel.m</string>
			<key>path</key>
			<string>DNMOTDLabel.m</string>
			<key>sourceTree</key>
			<string>&lt;group&gt;</string>
		</dict>
		<key>4EDADBF0192243740097754A</key>
		<dict>
			<key>fileRef</key>
			<string>4EDADBEF192243740097754A</string>
			<key>isa</key>
			<string>PBXBuildFile</string>
		</dict>
		<key>4EDADC1719228A3E0097754A</key>
		<dict>
			<key>fileEncoding</key>
			<string>4</string>
			<key>isa</key>
			<string>PBXFileReference</string>
			<key>lastKnownFileType</key>
			<string>sourcecode.c.objc</string>
			<key>name</key>
			<string>DNMOTDViewController.m</string>
			<key>path</key>
			<string>DNMOTDViewController.m</string>
			<key>sourceTree</key>
			<string>&lt;group&gt;</string>
		</dict>
		<key>4EDADC1819228A3E0097754A</key>
		<dict>
			<key>fileRef</key>
			<string>4EDADC1719228A3E0097754A</string>
			<key>isa</key>
			<string>PBXBuildFile</string>
		</dict>
		<key>4EDADC221922E1140097754A</key>
		<dict>
			<key>isa</key>
			<string>PBXFileReference</string>
			<key>lastKnownFileType</key>
			<string>wrapper.framework</string>
			<key>name</key>
			<string>CoreData.framework</string>
			<key>path</key>
			<string>System/Library/Frameworks/CoreData.framework</string>
			<key>sourceTree</key>
			<string>SDKROOT</string>
		</dict>
		<key>4EDADC231922E1140097754A</key>
		<dict>
			<key>fileRef</key>
			<string>4EDADC221922E1140097754A</string>
			<key>isa</key>
			<string>PBXBuildFile</string>
		</dict>
		<key>4EDADC281922E3A20097754A</key>
		<dict>
			<key>isa</key>
			<string>PBXFileReference</string>
			<key>lastKnownFileType</key>
			<string>archive.ar</string>
			<key>path</key>
			<string>libGoogleAnalyticsServices.a</string>
			<key>sourceTree</key>
			<string>&lt;group&gt;</string>
		</dict>
		<key>4EDADC291922E3A20097754A</key>
		<dict>
			<key>fileRef</key>
			<string>4EDADC281922E3A20097754A</string>
			<key>isa</key>
			<string>PBXBuildFile</string>
		</dict>
		<key>4EDADC2A1922E3B10097754A</key>
		<dict>
			<key>isa</key>
			<string>PBXFileReference</string>
			<key>lastKnownFileType</key>
			<string>compiled.mach-o.dylib</string>
			<key>name</key>
			<string>libz.dylib</string>
			<key>path</key>
			<string>usr/lib/libz.dylib</string>
			<key>sourceTree</key>
			<string>SDKROOT</string>
		</dict>
		<key>4EDADC2B1922E3B20097754A</key>
		<dict>
			<key>fileRef</key>
			<string>4EDADC2A1922E3B10097754A</string>
			<key>isa</key>
			<string>PBXBuildFile</string>
		</dict>
		<key>4EDADC2C1922E3D10097754A</key>
		<dict>
			<key>isa</key>
			<string>PBXFileReference</string>
			<key>lastKnownFileType</key>
			<string>wrapper.framework</string>
			<key>name</key>
			<string>AdSupport.framework</string>
			<key>path</key>
			<string>System/Library/Frameworks/AdSupport.framework</string>
			<key>sourceTree</key>
			<string>SDKROOT</string>
		</dict>
		<key>4EDADC2D1922E3D10097754A</key>
		<dict>
			<key>fileRef</key>
			<string>4EDADC2C1922E3D10097754A</string>
			<key>isa</key>
			<string>PBXBuildFile</string>
		</dict>
		<key>4EDADC341922ECE30097754A</key>
		<dict>
			<key>isa</key>
			<string>PBXFileReference</string>
			<key>lastKnownFileType</key>
			<string>compiled.mach-o.dylib</string>
			<key>name</key>
			<string>libsqlite3.dylib</string>
			<key>path</key>
			<string>usr/lib/libsqlite3.dylib</string>
			<key>sourceTree</key>
			<string>SDKROOT</string>
		</dict>
		<key>4EDADC351922ECE30097754A</key>
		<dict>
			<key>fileRef</key>
			<string>4EDADC341922ECE30097754A</string>
			<key>isa</key>
			<string>PBXBuildFile</string>
		</dict>
		<key>4EF215431929187100D530F4</key>
		<dict>
			<key>fileEncoding</key>
			<string>4</string>
			<key>isa</key>
			<string>PBXFileReference</string>
			<key>lastKnownFileType</key>
			<string>sourcecode.c.h</string>
			<key>name</key>
			<string>DNSearchViewCell.h</string>
			<key>path</key>
			<string>DNSearchViewCell.h</string>
			<key>sourceTree</key>
			<string>&lt;group&gt;</string>
		</dict>
		<key>4EF215441929187100D530F4</key>
		<dict>
			<key>fileEncoding</key>
			<string>4</string>
			<key>isa</key>
			<string>PBXFileReference</string>
			<key>lastKnownFileType</key>
			<string>sourcecode.c.objc</string>
			<key>name</key>
			<string>DNSearchViewCell.m</string>
			<key>path</key>
			<string>DNSearchViewCell.m</string>
			<key>sourceTree</key>
			<string>&lt;group&gt;</string>
		</dict>
		<key>4EF215451929187100D530F4</key>
		<dict>
			<key>fileRef</key>
			<string>4EF215441929187100D530F4</string>
			<key>isa</key>
			<string>PBXBuildFile</string>
		</dict>
		<key>4EF21546192922F700D530F4</key>
		<dict>
			<key>fileEncoding</key>
			<string>4</string>
			<key>isa</key>
			<string>PBXFileReference</string>
			<key>lastKnownFileType</key>
			<string>sourcecode.c.h</string>
			<key>name</key>
			<string>TNSearchHeaderView.h</string>
			<key>path</key>
			<string>TNSearchHeaderView.h</string>
			<key>sourceTree</key>
			<string>&lt;group&gt;</string>
		</dict>
		<key>4EF21547192922F700D530F4</key>
		<dict>
			<key>fileEncoding</key>
			<string>4</string>
			<key>isa</key>
			<string>PBXFileReference</string>
			<key>lastKnownFileType</key>
			<string>sourcecode.c.objc</string>
			<key>name</key>
			<string>TNSearchHeaderView.m</string>
			<key>path</key>
			<string>TNSearchHeaderView.m</string>
			<key>sourceTree</key>
			<string>&lt;group&gt;</string>
		</dict>
		<key>4EF21548192922F700D530F4</key>
		<dict>
			<key>fileRef</key>
			<string>4EF21547192922F700D530F4</string>
			<key>isa</key>
			<string>PBXBuildFile</string>
		</dict>
		<key>4EF215491929246800D530F4</key>
		<dict>
			<key>fileEncoding</key>
			<string>4</string>
			<key>isa</key>
			<string>PBXFileReference</string>
			<key>lastKnownFileType</key>
			<string>sourcecode.c.h</string>
			<key>name</key>
			<string>DNCommentsSearchViewController.h</string>
			<key>path</key>
			<string>DNCommentsSearchViewController.h</string>
			<key>sourceTree</key>
			<string>&lt;group&gt;</string>
		</dict>
		<key>4EF2154A1929246800D530F4</key>
		<dict>
			<key>fileEncoding</key>
			<string>4</string>
			<key>isa</key>
			<string>PBXFileReference</string>
			<key>lastKnownFileType</key>
			<string>sourcecode.c.objc</string>
			<key>name</key>
			<string>DNCommentsSearchViewController.m</string>
			<key>path</key>
			<string>DNCommentsSearchViewController.m</string>
			<key>sourceTree</key>
			<string>&lt;group&gt;</string>
		</dict>
		<key>4EF2154B1929246800D530F4</key>
		<dict>
			<key>fileRef</key>
			<string>4EF2154A1929246800D530F4</string>
			<key>isa</key>
			<string>PBXBuildFile</string>
		</dict>
		<key>4EF2154D1929413F00D530F4</key>
		<dict>
			<key>children</key>
			<array>
				<string>4EA7564118F1F0E30089346D</string>
				<string>4EA7564218F1F0E30089346D</string>
				<string>4EF21546192922F700D530F4</string>
				<string>4EF21547192922F700D530F4</string>
			</array>
			<key>isa</key>
			<string>PBXGroup</string>
			<key>name</key>
			<string>Header View</string>
			<key>path</key>
			<string>Header View</string>
			<key>sourceTree</key>
			<string>&lt;group&gt;</string>
		</dict>
		<key>4EF2154E1929416D00D530F4</key>
		<dict>
			<key>children</key>
			<array>
				<string>4E4E1BC518AD98A100B87E7A</string>
				<string>4E4E1BC618AD98A100B87E7A</string>
				<string>4E4E1BC918AD98A100B87E7A</string>
				<string>4E4E1BCA18AD98A100B87E7A</string>
				<string>4EDADBEE192243740097754A</string>
				<string>4EDADBEF192243740097754A</string>
				<string>4E8402F518E4FDCD00E3AB34</string>
				<string>4E8402F618E4FDCD00E3AB34</string>
				<string>4E7BFF4C1906708E00A49102</string>
				<string>4E7BFF4D1906708E00A49102</string>
			</array>
			<key>isa</key>
			<string>PBXGroup</string>
			<key>name</key>
			<string>Utility Views</string>
			<key>path</key>
			<string>Utility Views</string>
			<key>sourceTree</key>
			<string>&lt;group&gt;</string>
		</dict>
		<key>4EF2154F192941A800D530F4</key>
		<dict>
			<key>children</key>
			<array>
				<string>4E485E5A1909942900B0FC4C</string>
				<string>4E485E5B1909942900B0FC4C</string>
				<string>4EB56CE0191D4C4B00DC151A</string>
				<string>4EB56CE1191D4C4B00DC151A</string>
			</array>
			<key>isa</key>
			<string>PBXGroup</string>
			<key>name</key>
			<string>SettingsViewController</string>
			<key>path</key>
			<string>SettingsViewController</string>
			<key>sourceTree</key>
			<string>&lt;group&gt;</string>
		</dict>
		<key>927D59A256414F6685E9C873</key>
		<dict>
			<key>buildActionMask</key>
			<string>2147483647</string>
			<key>files</key>
			<array/>
			<key>inputPaths</key>
			<array/>
			<key>isa</key>
			<string>PBXShellScriptBuildPhase</string>
			<key>name</key>
			<string>Copy Pods Resources</string>
			<key>outputPaths</key>
			<array/>
			<key>runOnlyForDeploymentPostprocessing</key>
			<string>0</string>
			<key>shellPath</key>
			<string>/bin/sh</string>
			<key>shellScript</key>
			<string>"${SRCROOT}/Pods/Pods-resources.sh"
</string>
			<key>showEnvVarsInLog</key>
			<string>0</string>
		</dict>
		<key>ADD050CC668743E0B7EC0E0A</key>
		<dict>
			<key>fileRef</key>
			<string>C05D4F76DE524C07AE8AB7E9</string>
			<key>isa</key>
			<string>PBXBuildFile</string>
		</dict>
		<key>C05D4F76DE524C07AE8AB7E9</key>
		<dict>
			<key>explicitFileType</key>
			<string>archive.ar</string>
			<key>includeInIndex</key>
			<string>0</string>
			<key>isa</key>
			<string>PBXFileReference</string>
			<key>path</key>
			<string>libPods.a</string>
			<key>sourceTree</key>
			<string>BUILT_PRODUCTS_DIR</string>
		</dict>
		<key>C6B14C2318DD5D8A003F2A88</key>
		<dict>
			<key>isa</key>
			<string>PBXFileReference</string>
			<key>lastKnownFileType</key>
			<string>wrapper.framework</string>
			<key>name</key>
			<string>Security.framework</string>
			<key>path</key>
			<string>System/Library/Frameworks/Security.framework</string>
			<key>sourceTree</key>
			<string>SDKROOT</string>
		</dict>
		<key>C6B14C2418DD5D8A003F2A88</key>
		<dict>
			<key>fileRef</key>
			<string>C6B14C2318DD5D8A003F2A88</string>
			<key>isa</key>
			<string>PBXBuildFile</string>
		</dict>
		<key>C6B1508B18DD6CDF003F2A88</key>
		<dict>
			<key>isa</key>
			<string>PBXFileReference</string>
			<key>lastKnownFileType</key>
			<string>wrapper.framework</string>
			<key>name</key>
			<string>AddressBook.framework</string>
			<key>path</key>
			<string>System/Library/Frameworks/AddressBook.framework</string>
			<key>sourceTree</key>
			<string>SDKROOT</string>
		</dict>
		<key>C6B1508C18DD6CDF003F2A88</key>
		<dict>
			<key>fileRef</key>
			<string>C6B1508B18DD6CDF003F2A88</string>
			<key>isa</key>
			<string>PBXBuildFile</string>
		</dict>
		<key>C6B1508D18DD6CF0003F2A88</key>
		<dict>
			<key>isa</key>
			<string>PBXFileReference</string>
			<key>lastKnownFileType</key>
			<string>wrapper.framework</string>
			<key>name</key>
			<string>MediaPlayer.framework</string>
			<key>path</key>
			<string>System/Library/Frameworks/MediaPlayer.framework</string>
			<key>sourceTree</key>
			<string>SDKROOT</string>
		</dict>
		<key>C6B1508E18DD6CF0003F2A88</key>
		<dict>
			<key>fileRef</key>
			<string>C6B1508D18DD6CF0003F2A88</string>
			<key>isa</key>
			<string>PBXBuildFile</string>
		</dict>
		<key>C6B1508F18DD6D18003F2A88</key>
		<dict>
			<key>isa</key>
			<string>PBXFileReference</string>
			<key>lastKnownFileType</key>
			<string>wrapper.framework</string>
			<key>name</key>
			<string>CoreLocation.framework</string>
			<key>path</key>
			<string>System/Library/Frameworks/CoreLocation.framework</string>
			<key>sourceTree</key>
			<string>SDKROOT</string>
		</dict>
		<key>C6B1509018DD6D18003F2A88</key>
		<dict>
			<key>fileRef</key>
			<string>C6B1508F18DD6D18003F2A88</string>
			<key>isa</key>
			<string>PBXBuildFile</string>
		</dict>
		<key>C6B1509118DD6D3A003F2A88</key>
		<dict>
			<key>isa</key>
			<string>PBXFileReference</string>
			<key>lastKnownFileType</key>
			<string>wrapper.framework</string>
			<key>name</key>
			<string>CoreMotion.framework</string>
			<key>path</key>
			<string>System/Library/Frameworks/CoreMotion.framework</string>
			<key>sourceTree</key>
			<string>SDKROOT</string>
		</dict>
		<key>C6B1509218DD6D3A003F2A88</key>
		<dict>
			<key>fileRef</key>
			<string>C6B1509118DD6D3A003F2A88</string>
			<key>isa</key>
			<string>PBXBuildFile</string>
		</dict>
		<key>FBE8F175B6E54437A44FB817</key>
		<dict>
			<key>buildActionMask</key>
			<string>2147483647</string>
			<key>files</key>
			<array/>
			<key>inputPaths</key>
			<array/>
			<key>isa</key>
			<string>PBXShellScriptBuildPhase</string>
			<key>name</key>
			<string>Check Pods Manifest.lock</string>
			<key>outputPaths</key>
			<array/>
			<key>runOnlyForDeploymentPostprocessing</key>
			<string>0</string>
			<key>shellPath</key>
			<string>/bin/sh</string>
			<key>shellScript</key>
			<string>diff "${PODS_ROOT}/../Podfile.lock" "${PODS_ROOT}/Manifest.lock" &gt; /dev/null
if [[ $? != 0 ]] ; then
    cat &lt;&lt; EOM
error: The sandbox is not in sync with the Podfile.lock. Run 'pod install' or update your CocoaPods installation.
EOM
    exit 1
fi
</string>
			<key>showEnvVarsInLog</key>
			<string>0</string>
		</dict>
	</dict>
	<key>rootObject</key>
	<string>4E783D1A18AD7D7D00D78B20</string>
</dict>
</plist>
