// !$*UTF8*$!
{
	archiveVersion = 1;
	classes = {
	};
	objectVersion = 46;
	objects = {

/* Begin PBXBuildFile section */
		4E4E1BC118AD989300B87E7A /* TNHomeViewController.m in Sources */ = {isa = PBXBuildFile; fileRef = 4E4E1BB918AD989300B87E7A /* TNHomeViewController.m */; };
		4E4E1BC218AD989300B87E7A /* TNLaunchViewController.m in Sources */ = {isa = PBXBuildFile; fileRef = 4E4E1BBB18AD989300B87E7A /* TNLaunchViewController.m */; };
		4E4E1BC318AD989300B87E7A /* TNLoginViewController.m in Sources */ = {isa = PBXBuildFile; fileRef = 4E4E1BBD18AD989300B87E7A /* TNLoginViewController.m */; };
		4E4E1BCB18AD98A100B87E7A /* TNButton.m in Sources */ = {isa = PBXBuildFile; fileRef = 4E4E1BC618AD98A100B87E7A /* TNButton.m */; };
		4E4E1BCC18AD98A100B87E7A /* TNFeedViewCell.m in Sources */ = {isa = PBXBuildFile; fileRef = 4E4E1BC818AD98A100B87E7A /* TNFeedViewCell.m */; };
		4E4E1BCD18AD98A100B87E7A /* TNTextField.m in Sources */ = {isa = PBXBuildFile; fileRef = 4E4E1BCA18AD98A100B87E7A /* TNTextField.m */; };
		4E4E1BD618AD98E000B87E7A /* Entypo.ttf in Resources */ = {isa = PBXBuildFile; fileRef = 4E4E1BD118AD98E000B87E7A /* Entypo.ttf */; };
		4E4E1BD718AD98E000B87E7A /* Montserrat-Bold.ttf in Resources */ = {isa = PBXBuildFile; fileRef = 4E4E1BD218AD98E000B87E7A /* Montserrat-Bold.ttf */; };
		4E4E1BD818AD98E000B87E7A /* Montserrat-Regular.ttf in Resources */ = {isa = PBXBuildFile; fileRef = 4E4E1BD318AD98E000B87E7A /* Montserrat-Regular.ttf */; };
		4E4E1BD918AD98E000B87E7A /* UIColor+TNColors.m in Sources */ = {isa = PBXBuildFile; fileRef = 4E4E1BD518AD98E000B87E7A /* UIColor+TNColors.m */; };
		4E783D2618AD7D7D00D78B20 /* Foundation.framework in Frameworks */ = {isa = PBXBuildFile; fileRef = 4E783D2518AD7D7D00D78B20 /* Foundation.framework */; };
		4E783D2818AD7D7D00D78B20 /* CoreGraphics.framework in Frameworks */ = {isa = PBXBuildFile; fileRef = 4E783D2718AD7D7D00D78B20 /* CoreGraphics.framework */; };
		4E783D2A18AD7D7D00D78B20 /* UIKit.framework in Frameworks */ = {isa = PBXBuildFile; fileRef = 4E783D2918AD7D7D00D78B20 /* UIKit.framework */; };
		4E783D3018AD7D7D00D78B20 /* InfoPlist.strings in Resources */ = {isa = PBXBuildFile; fileRef = 4E783D2E18AD7D7D00D78B20 /* InfoPlist.strings */; };
		4E783D3218AD7D7D00D78B20 /* main.m in Sources */ = {isa = PBXBuildFile; fileRef = 4E783D3118AD7D7D00D78B20 /* main.m */; };
		4E783D3618AD7D7D00D78B20 /* TNAppDelegate.m in Sources */ = {isa = PBXBuildFile; fileRef = 4E783D3518AD7D7D00D78B20 /* TNAppDelegate.m */; };
		4E783D3818AD7D7D00D78B20 /* Images.xcassets in Resources */ = {isa = PBXBuildFile; fileRef = 4E783D3718AD7D7D00D78B20 /* Images.xcassets */; };
		4E84011018E1783C00E3AB34 /* DesignerNewsAPIClient.m in Sources */ = {isa = PBXBuildFile; fileRef = 4E84010618E1783C00E3AB34 /* DesignerNewsAPIClient.m */; };
		4E84011118E1783C00E3AB34 /* DNComment.m in Sources */ = {isa = PBXBuildFile; fileRef = 4E84010918E1783C00E3AB34 /* DNComment.m */; };
		4E84011218E1783C00E3AB34 /* DNMOTD.m in Sources */ = {isa = PBXBuildFile; fileRef = 4E84010B18E1783C00E3AB34 /* DNMOTD.m */; };
		4E84011318E1783C00E3AB34 /* DNStory.m in Sources */ = {isa = PBXBuildFile; fileRef = 4E84010D18E1783C00E3AB34 /* DNStory.m */; };
		4E84011418E1783C00E3AB34 /* DNUser.m in Sources */ = {isa = PBXBuildFile; fileRef = 4E84010F18E1783C00E3AB34 /* DNUser.m */; };
		4E84011718E17B4F00E3AB34 /* DNFeedViewController.m in Sources */ = {isa = PBXBuildFile; fileRef = 4E84011618E17B4F00E3AB34 /* DNFeedViewController.m */; };
		4E84011D18E3468F00E3AB34 /* TNNotification.m in Sources */ = {isa = PBXBuildFile; fileRef = 4E84011C18E3468F00E3AB34 /* TNNotification.m */; };
		4E8402F718E4FDCD00E3AB34 /* TNRefreshView.m in Sources */ = {isa = PBXBuildFile; fileRef = 4E8402F618E4FDCD00E3AB34 /* TNRefreshView.m */; };
		4EBB4E9718D7B60F008BB571 /* TNFormViewController.m in Sources */ = {isa = PBXBuildFile; fileRef = 4EBB4E9518D7B60F008BB571 /* TNFormViewController.m */; };
		4EBB4E9E18D7B626008BB571 /* TNPostViewController.m in Sources */ = {isa = PBXBuildFile; fileRef = 4EBB4E9818D7B626008BB571 /* TNPostViewController.m */; };
		4EBB4E9F18D7B626008BB571 /* TNContainerViewController.m in Sources */ = {isa = PBXBuildFile; fileRef = 4EBB4E9A18D7B626008BB571 /* TNContainerViewController.m */; };
		4EBB4EA518D7B655008BB571 /* TNMenuView.m in Sources */ = {isa = PBXBuildFile; fileRef = 4EBB4EA118D7B655008BB571 /* TNMenuView.m */; };
		4EC1409318F12F350082E3C3 /* HNFeedViewController.m in Sources */ = {isa = PBXBuildFile; fileRef = 4EC1409218F12F350082E3C3 /* HNFeedViewController.m */; };
		4EC1409618F145330082E3C3 /* DNFeedViewCell.m in Sources */ = {isa = PBXBuildFile; fileRef = 4EC1409518F145330082E3C3 /* DNFeedViewCell.m */; };
		4EC1409918F145D20082E3C3 /* HNFeedViewCell.m in Sources */ = {isa = PBXBuildFile; fileRef = 4EC1409818F145D20082E3C3 /* HNFeedViewCell.m */; };
		4ECE3DEF18DFC13100DC26FB /* GoogleOpenSource.framework in Frameworks */ = {isa = PBXBuildFile; fileRef = 4ECE3DEC18DFC13100DC26FB /* GoogleOpenSource.framework */; };
		4ECE3DF018DFC13100DC26FB /* GooglePlus.bundle in Resources */ = {isa = PBXBuildFile; fileRef = 4ECE3DED18DFC13100DC26FB /* GooglePlus.bundle */; };
		4ECE3DF118DFC13100DC26FB /* GooglePlus.framework in Frameworks */ = {isa = PBXBuildFile; fileRef = 4ECE3DEE18DFC13100DC26FB /* GooglePlus.framework */; };
		ADD050CC668743E0B7EC0E0A /* libPods.a in Frameworks */ = {isa = PBXBuildFile; fileRef = C05D4F76DE524C07AE8AB7E9 /* libPods.a */; };
		C620B90818E23F8B007AB81D /* TNCommentCell.m in Sources */ = {isa = PBXBuildFile; fileRef = C620B90718E23F8B007AB81D /* TNCommentCell.m */; };
		C620B90B18E2403F007AB81D /* TNCommentsViewController.m in Sources */ = {isa = PBXBuildFile; fileRef = C620B90A18E2403F007AB81D /* TNCommentsViewController.m */; };
		C6B14C2418DD5D8A003F2A88 /* Security.framework in Frameworks */ = {isa = PBXBuildFile; fileRef = C6B14C2318DD5D8A003F2A88 /* Security.framework */; };
		C6B1508C18DD6CDF003F2A88 /* AddressBook.framework in Frameworks */ = {isa = PBXBuildFile; fileRef = C6B1508B18DD6CDF003F2A88 /* AddressBook.framework */; };
		C6B1508E18DD6CF0003F2A88 /* MediaPlayer.framework in Frameworks */ = {isa = PBXBuildFile; fileRef = C6B1508D18DD6CF0003F2A88 /* MediaPlayer.framework */; };
		C6B1509018DD6D18003F2A88 /* CoreLocation.framework in Frameworks */ = {isa = PBXBuildFile; fileRef = C6B1508F18DD6D18003F2A88 /* CoreLocation.framework */; };
		C6B1509218DD6D3A003F2A88 /* CoreMotion.framework in Frameworks */ = {isa = PBXBuildFile; fileRef = C6B1509118DD6D3A003F2A88 /* CoreMotion.framework */; };
/* End PBXBuildFile section */

/* Begin PBXFileReference section */
		2D3DAD6C1599406AAE6A11E1 /* Pods.xcconfig */ = {isa = PBXFileReference; includeInIndex = 1; lastKnownFileType = text.xcconfig; name = Pods.xcconfig; path = Pods/Pods.xcconfig; sourceTree = "<group>"; };
		4E4E1BB818AD989300B87E7A /* TNHomeViewController.h */ = {isa = PBXFileReference; fileEncoding = 4; lastKnownFileType = sourcecode.c.h; name = TNHomeViewController.h; path = Controllers/TNHomeViewController.h; sourceTree = "<group>"; };
		4E4E1BB918AD989300B87E7A /* TNHomeViewController.m */ = {isa = PBXFileReference; fileEncoding = 4; lastKnownFileType = sourcecode.c.objc; name = TNHomeViewController.m; path = Controllers/TNHomeViewController.m; sourceTree = "<group>"; };
		4E4E1BBA18AD989300B87E7A /* TNLaunchViewController.h */ = {isa = PBXFileReference; fileEncoding = 4; lastKnownFileType = sourcecode.c.h; name = TNLaunchViewController.h; path = Controllers/TNLaunchViewController.h; sourceTree = "<group>"; };
		4E4E1BBB18AD989300B87E7A /* TNLaunchViewController.m */ = {isa = PBXFileReference; fileEncoding = 4; lastKnownFileType = sourcecode.c.objc; name = TNLaunchViewController.m; path = Controllers/TNLaunchViewController.m; sourceTree = "<group>"; };
		4E4E1BBC18AD989300B87E7A /* TNLoginViewController.h */ = {isa = PBXFileReference; fileEncoding = 4; lastKnownFileType = sourcecode.c.h; name = TNLoginViewController.h; path = Controllers/TNLoginViewController.h; sourceTree = "<group>"; };
		4E4E1BBD18AD989300B87E7A /* TNLoginViewController.m */ = {isa = PBXFileReference; fileEncoding = 4; lastKnownFileType = sourcecode.c.objc; name = TNLoginViewController.m; path = Controllers/TNLoginViewController.m; sourceTree = "<group>"; };
		4E4E1BC518AD98A100B87E7A /* TNButton.h */ = {isa = PBXFileReference; fileEncoding = 4; lastKnownFileType = sourcecode.c.h; name = TNButton.h; path = Views/TNButton.h; sourceTree = "<group>"; };
		4E4E1BC618AD98A100B87E7A /* TNButton.m */ = {isa = PBXFileReference; fileEncoding = 4; lastKnownFileType = sourcecode.c.objc; name = TNButton.m; path = Views/TNButton.m; sourceTree = "<group>"; };
		4E4E1BC718AD98A100B87E7A /* TNFeedViewCell.h */ = {isa = PBXFileReference; fileEncoding = 4; lastKnownFileType = sourcecode.c.h; name = TNFeedViewCell.h; path = Views/TNFeedViewCell.h; sourceTree = "<group>"; };
		4E4E1BC818AD98A100B87E7A /* TNFeedViewCell.m */ = {isa = PBXFileReference; fileEncoding = 4; lastKnownFileType = sourcecode.c.objc; name = TNFeedViewCell.m; path = Views/TNFeedViewCell.m; sourceTree = "<group>"; };
		4E4E1BC918AD98A100B87E7A /* TNTextField.h */ = {isa = PBXFileReference; fileEncoding = 4; lastKnownFileType = sourcecode.c.h; name = TNTextField.h; path = Views/TNTextField.h; sourceTree = "<group>"; };
		4E4E1BCA18AD98A100B87E7A /* TNTextField.m */ = {isa = PBXFileReference; fileEncoding = 4; lastKnownFileType = sourcecode.c.objc; name = TNTextField.m; path = Views/TNTextField.m; sourceTree = "<group>"; };
		4E4E1BD118AD98E000B87E7A /* Entypo.ttf */ = {isa = PBXFileReference; lastKnownFileType = file; name = Entypo.ttf; path = Utility/Entypo.ttf; sourceTree = "<group>"; };
		4E4E1BD218AD98E000B87E7A /* Montserrat-Bold.ttf */ = {isa = PBXFileReference; lastKnownFileType = file; name = "Montserrat-Bold.ttf"; path = "Utility/Montserrat-Bold.ttf"; sourceTree = "<group>"; };
		4E4E1BD318AD98E000B87E7A /* Montserrat-Regular.ttf */ = {isa = PBXFileReference; lastKnownFileType = file; name = "Montserrat-Regular.ttf"; path = "Utility/Montserrat-Regular.ttf"; sourceTree = "<group>"; };
		4E4E1BD418AD98E000B87E7A /* UIColor+TNColors.h */ = {isa = PBXFileReference; fileEncoding = 4; lastKnownFileType = sourcecode.c.h; name = "UIColor+TNColors.h"; path = "Utility/UIColor+TNColors.h"; sourceTree = "<group>"; };
		4E4E1BD518AD98E000B87E7A /* UIColor+TNColors.m */ = {isa = PBXFileReference; fileEncoding = 4; lastKnownFileType = sourcecode.c.objc; name = "UIColor+TNColors.m"; path = "Utility/UIColor+TNColors.m"; sourceTree = "<group>"; };
		4E783D2218AD7D7D00D78B20 /* The News.app */ = {isa = PBXFileReference; explicitFileType = wrapper.application; includeInIndex = 0; path = "The News.app"; sourceTree = BUILT_PRODUCTS_DIR; };
		4E783D2518AD7D7D00D78B20 /* Foundation.framework */ = {isa = PBXFileReference; lastKnownFileType = wrapper.framework; name = Foundation.framework; path = System/Library/Frameworks/Foundation.framework; sourceTree = SDKROOT; };
		4E783D2718AD7D7D00D78B20 /* CoreGraphics.framework */ = {isa = PBXFileReference; lastKnownFileType = wrapper.framework; name = CoreGraphics.framework; path = System/Library/Frameworks/CoreGraphics.framework; sourceTree = SDKROOT; };
		4E783D2918AD7D7D00D78B20 /* UIKit.framework */ = {isa = PBXFileReference; lastKnownFileType = wrapper.framework; name = UIKit.framework; path = System/Library/Frameworks/UIKit.framework; sourceTree = SDKROOT; };
		4E783D2D18AD7D7D00D78B20 /* The News-Info.plist */ = {isa = PBXFileReference; lastKnownFileType = text.plist.xml; path = "The News-Info.plist"; sourceTree = "<group>"; };
		4E783D2F18AD7D7D00D78B20 /* en */ = {isa = PBXFileReference; lastKnownFileType = text.plist.strings; name = en; path = en.lproj/InfoPlist.strings; sourceTree = "<group>"; };
		4E783D3118AD7D7D00D78B20 /* main.m */ = {isa = PBXFileReference; lastKnownFileType = sourcecode.c.objc; path = main.m; sourceTree = "<group>"; };
		4E783D3318AD7D7D00D78B20 /* The News-Prefix.pch */ = {isa = PBXFileReference; lastKnownFileType = sourcecode.c.h; path = "The News-Prefix.pch"; sourceTree = "<group>"; };
		4E783D3418AD7D7D00D78B20 /* TNAppDelegate.h */ = {isa = PBXFileReference; lastKnownFileType = sourcecode.c.h; path = TNAppDelegate.h; sourceTree = "<group>"; };
		4E783D3518AD7D7D00D78B20 /* TNAppDelegate.m */ = {isa = PBXFileReference; lastKnownFileType = sourcecode.c.objc; path = TNAppDelegate.m; sourceTree = "<group>"; };
		4E783D3718AD7D7D00D78B20 /* Images.xcassets */ = {isa = PBXFileReference; lastKnownFileType = folder.assetcatalog; path = Images.xcassets; sourceTree = "<group>"; };
		4E783D3E18AD7D7D00D78B20 /* XCTest.framework */ = {isa = PBXFileReference; lastKnownFileType = wrapper.framework; name = XCTest.framework; path = Library/Frameworks/XCTest.framework; sourceTree = DEVELOPER_DIR; };
		4E783D4618AD7D7D00D78B20 /* The NewsTests-Info.plist */ = {isa = PBXFileReference; lastKnownFileType = text.plist.xml; path = "The NewsTests-Info.plist"; sourceTree = "<group>"; };
		4E783D4818AD7D7D00D78B20 /* en */ = {isa = PBXFileReference; lastKnownFileType = text.plist.strings; name = en; path = en.lproj/InfoPlist.strings; sourceTree = "<group>"; };
		4E783D4A18AD7D7D00D78B20 /* thenewsTests.m */ = {isa = PBXFileReference; lastKnownFileType = sourcecode.c.objc; path = thenewsTests.m; sourceTree = "<group>"; };
		4E84010518E1783C00E3AB34 /* DesignerNewsAPIClient.h */ = {isa = PBXFileReference; fileEncoding = 4; lastKnownFileType = sourcecode.c.h; path = DesignerNewsAPIClient.h; sourceTree = "<group>"; };
		4E84010618E1783C00E3AB34 /* DesignerNewsAPIClient.m */ = {isa = PBXFileReference; fileEncoding = 4; lastKnownFileType = sourcecode.c.objc; path = DesignerNewsAPIClient.m; sourceTree = "<group>"; };
		4E84010818E1783C00E3AB34 /* DNComment.h */ = {isa = PBXFileReference; fileEncoding = 4; lastKnownFileType = sourcecode.c.h; path = DNComment.h; sourceTree = "<group>"; };
		4E84010918E1783C00E3AB34 /* DNComment.m */ = {isa = PBXFileReference; fileEncoding = 4; lastKnownFileType = sourcecode.c.objc; path = DNComment.m; sourceTree = "<group>"; };
		4E84010A18E1783C00E3AB34 /* DNMOTD.h */ = {isa = PBXFileReference; fileEncoding = 4; lastKnownFileType = sourcecode.c.h; path = DNMOTD.h; sourceTree = "<group>"; };
		4E84010B18E1783C00E3AB34 /* DNMOTD.m */ = {isa = PBXFileReference; fileEncoding = 4; lastKnownFileType = sourcecode.c.objc; path = DNMOTD.m; sourceTree = "<group>"; };
		4E84010C18E1783C00E3AB34 /* DNStory.h */ = {isa = PBXFileReference; fileEncoding = 4; lastKnownFileType = sourcecode.c.h; path = DNStory.h; sourceTree = "<group>"; };
		4E84010D18E1783C00E3AB34 /* DNStory.m */ = {isa = PBXFileReference; fileEncoding = 4; lastKnownFileType = sourcecode.c.objc; path = DNStory.m; sourceTree = "<group>"; };
		4E84010E18E1783C00E3AB34 /* DNUser.h */ = {isa = PBXFileReference; fileEncoding = 4; lastKnownFileType = sourcecode.c.h; path = DNUser.h; sourceTree = "<group>"; };
		4E84010F18E1783C00E3AB34 /* DNUser.m */ = {isa = PBXFileReference; fileEncoding = 4; lastKnownFileType = sourcecode.c.objc; path = DNUser.m; sourceTree = "<group>"; };
		4E84011518E17B4F00E3AB34 /* DNFeedViewController.h */ = {isa = PBXFileReference; fileEncoding = 4; lastKnownFileType = sourcecode.c.h; name = DNFeedViewController.h; path = Controllers/DNFeedViewController.h; sourceTree = "<group>"; };
		4E84011618E17B4F00E3AB34 /* DNFeedViewController.m */ = {isa = PBXFileReference; fileEncoding = 4; lastKnownFileType = sourcecode.c.objc; name = DNFeedViewController.m; path = Controllers/DNFeedViewController.m; sourceTree = "<group>"; };
		4E84011B18E3468F00E3AB34 /* TNNotification.h */ = {isa = PBXFileReference; fileEncoding = 4; lastKnownFileType = sourcecode.c.h; name = TNNotification.h; path = Utility/TNNotification.h; sourceTree = "<group>"; };
		4E84011C18E3468F00E3AB34 /* TNNotification.m */ = {isa = PBXFileReference; fileEncoding = 4; lastKnownFileType = sourcecode.c.objc; name = TNNotification.m; path = Utility/TNNotification.m; sourceTree = "<group>"; };
		4E8402F518E4FDCD00E3AB34 /* TNRefreshView.h */ = {isa = PBXFileReference; fileEncoding = 4; lastKnownFileType = sourcecode.c.h; name = TNRefreshView.h; path = Views/TNRefreshView.h; sourceTree = "<group>"; };
		4E8402F618E4FDCD00E3AB34 /* TNRefreshView.m */ = {isa = PBXFileReference; fileEncoding = 4; lastKnownFileType = sourcecode.c.objc; name = TNRefreshView.m; path = Views/TNRefreshView.m; sourceTree = "<group>"; };
		4EBB4E9418D7B5F7008BB571 /* TNTypeEnum.h */ = {isa = PBXFileReference; fileEncoding = 4; lastKnownFileType = sourcecode.c.h; name = TNTypeEnum.h; path = Utility/TNTypeEnum.h; sourceTree = "<group>"; };
		4EBB4E9518D7B60F008BB571 /* TNFormViewController.m */ = {isa = PBXFileReference; fileEncoding = 4; lastKnownFileType = sourcecode.c.objc; name = TNFormViewController.m; path = Controllers/TNFormViewController.m; sourceTree = "<group>"; };
		4EBB4E9618D7B60F008BB571 /* TNFormViewController.h */ = {isa = PBXFileReference; fileEncoding = 4; lastKnownFileType = sourcecode.c.h; name = TNFormViewController.h; path = Controllers/TNFormViewController.h; sourceTree = "<group>"; };
		4EBB4E9818D7B626008BB571 /* TNPostViewController.m */ = {isa = PBXFileReference; fileEncoding = 4; lastKnownFileType = sourcecode.c.objc; name = TNPostViewController.m; path = Controllers/TNPostViewController.m; sourceTree = "<group>"; };
		4EBB4E9918D7B626008BB571 /* TNPostViewController.h */ = {isa = PBXFileReference; fileEncoding = 4; lastKnownFileType = sourcecode.c.h; name = TNPostViewController.h; path = Controllers/TNPostViewController.h; sourceTree = "<group>"; };
		4EBB4E9A18D7B626008BB571 /* TNContainerViewController.m */ = {isa = PBXFileReference; fileEncoding = 4; lastKnownFileType = sourcecode.c.objc; name = TNContainerViewController.m; path = Controllers/TNContainerViewController.m; sourceTree = "<group>"; };
		4EBB4E9B18D7B626008BB571 /* TNContainerViewController.h */ = {isa = PBXFileReference; fileEncoding = 4; lastKnownFileType = sourcecode.c.h; name = TNContainerViewController.h; path = Controllers/TNContainerViewController.h; sourceTree = "<group>"; };
		4EBB4EA118D7B655008BB571 /* TNMenuView.m */ = {isa = PBXFileReference; fileEncoding = 4; lastKnownFileType = sourcecode.c.objc; name = TNMenuView.m; path = Views/TNMenuView.m; sourceTree = "<group>"; };
		4EBB4EA218D7B655008BB571 /* TNMenuView.h */ = {isa = PBXFileReference; fileEncoding = 4; lastKnownFileType = sourcecode.c.h; name = TNMenuView.h; path = Views/TNMenuView.h; sourceTree = "<group>"; };
		4EC1409118F12F350082E3C3 /* HNFeedViewController.h */ = {isa = PBXFileReference; fileEncoding = 4; lastKnownFileType = sourcecode.c.h; name = HNFeedViewController.h; path = Controllers/HNFeedViewController.h; sourceTree = "<group>"; };
		4EC1409218F12F350082E3C3 /* HNFeedViewController.m */ = {isa = PBXFileReference; fileEncoding = 4; lastKnownFileType = sourcecode.c.objc; name = HNFeedViewController.m; path = Controllers/HNFeedViewController.m; sourceTree = "<group>"; };
		4EC1409418F145330082E3C3 /* DNFeedViewCell.h */ = {isa = PBXFileReference; fileEncoding = 4; lastKnownFileType = sourcecode.c.h; name = DNFeedViewCell.h; path = Views/DNFeedViewCell.h; sourceTree = "<group>"; };
		4EC1409518F145330082E3C3 /* DNFeedViewCell.m */ = {isa = PBXFileReference; fileEncoding = 4; lastKnownFileType = sourcecode.c.objc; name = DNFeedViewCell.m; path = Views/DNFeedViewCell.m; sourceTree = "<group>"; };
		4EC1409718F145D20082E3C3 /* HNFeedViewCell.h */ = {isa = PBXFileReference; fileEncoding = 4; lastKnownFileType = sourcecode.c.h; name = HNFeedViewCell.h; path = Views/HNFeedViewCell.h; sourceTree = "<group>"; };
		4EC1409818F145D20082E3C3 /* HNFeedViewCell.m */ = {isa = PBXFileReference; fileEncoding = 4; lastKnownFileType = sourcecode.c.objc; name = HNFeedViewCell.m; path = Views/HNFeedViewCell.m; sourceTree = "<group>"; };
		4ECE3DEC18DFC13100DC26FB /* GoogleOpenSource.framework */ = {isa = PBXFileReference; lastKnownFileType = wrapper.framework; name = GoogleOpenSource.framework; path = "Pods/OvershareKit/Dependencies/GooglePlus-SDK/GoogleOpenSource.framework"; sourceTree = "<group>"; };
		4ECE3DED18DFC13100DC26FB /* GooglePlus.bundle */ = {isa = PBXFileReference; lastKnownFileType = "wrapper.plug-in"; name = GooglePlus.bundle; path = "Pods/OvershareKit/Dependencies/GooglePlus-SDK/GooglePlus.bundle"; sourceTree = "<group>"; };
		4ECE3DEE18DFC13100DC26FB /* GooglePlus.framework */ = {isa = PBXFileReference; lastKnownFileType = wrapper.framework; name = GooglePlus.framework; path = "Pods/OvershareKit/Dependencies/GooglePlus-SDK/GooglePlus.framework"; sourceTree = "<group>"; };
		C05D4F76DE524C07AE8AB7E9 /* libPods.a */ = {isa = PBXFileReference; explicitFileType = archive.ar; includeInIndex = 0; path = libPods.a; sourceTree = BUILT_PRODUCTS_DIR; };
		C620B90618E23F8B007AB81D /* TNCommentCell.h */ = {isa = PBXFileReference; fileEncoding = 4; lastKnownFileType = sourcecode.c.h; path = TNCommentCell.h; sourceTree = "<group>"; };
		C620B90718E23F8B007AB81D /* TNCommentCell.m */ = {isa = PBXFileReference; fileEncoding = 4; lastKnownFileType = sourcecode.c.objc; path = TNCommentCell.m; sourceTree = "<group>"; };
		C620B90918E2403F007AB81D /* TNCommentsViewController.h */ = {isa = PBXFileReference; fileEncoding = 4; lastKnownFileType = sourcecode.c.h; path = TNCommentsViewController.h; sourceTree = "<group>"; };
		C620B90A18E2403F007AB81D /* TNCommentsViewController.m */ = {isa = PBXFileReference; fileEncoding = 4; lastKnownFileType = sourcecode.c.objc; path = TNCommentsViewController.m; sourceTree = "<group>"; };
		C6B14C2318DD5D8A003F2A88 /* Security.framework */ = {isa = PBXFileReference; lastKnownFileType = wrapper.framework; name = Security.framework; path = System/Library/Frameworks/Security.framework; sourceTree = SDKROOT; };
		C6B1508B18DD6CDF003F2A88 /* AddressBook.framework */ = {isa = PBXFileReference; lastKnownFileType = wrapper.framework; name = AddressBook.framework; path = System/Library/Frameworks/AddressBook.framework; sourceTree = SDKROOT; };
		C6B1508D18DD6CF0003F2A88 /* MediaPlayer.framework */ = {isa = PBXFileReference; lastKnownFileType = wrapper.framework; name = MediaPlayer.framework; path = System/Library/Frameworks/MediaPlayer.framework; sourceTree = SDKROOT; };
		C6B1508F18DD6D18003F2A88 /* CoreLocation.framework */ = {isa = PBXFileReference; lastKnownFileType = wrapper.framework; name = CoreLocation.framework; path = System/Library/Frameworks/CoreLocation.framework; sourceTree = SDKROOT; };
		C6B1509118DD6D3A003F2A88 /* CoreMotion.framework */ = {isa = PBXFileReference; lastKnownFileType = wrapper.framework; name = CoreMotion.framework; path = System/Library/Frameworks/CoreMotion.framework; sourceTree = SDKROOT; };
/* End PBXFileReference section */

/* Begin PBXFrameworksBuildPhase section */
		4E783D1F18AD7D7D00D78B20 /* Frameworks */ = {
			isa = PBXFrameworksBuildPhase;
			buildActionMask = 2147483647;
			files = (
				4ECE3DEF18DFC13100DC26FB /* GoogleOpenSource.framework in Frameworks */,
				C6B1509218DD6D3A003F2A88 /* CoreMotion.framework in Frameworks */,
				C6B1509018DD6D18003F2A88 /* CoreLocation.framework in Frameworks */,
				C6B1508E18DD6CF0003F2A88 /* MediaPlayer.framework in Frameworks */,
				C6B1508C18DD6CDF003F2A88 /* AddressBook.framework in Frameworks */,
				C6B14C2418DD5D8A003F2A88 /* Security.framework in Frameworks */,
				4E783D2818AD7D7D00D78B20 /* CoreGraphics.framework in Frameworks */,
				4E783D2A18AD7D7D00D78B20 /* UIKit.framework in Frameworks */,
				4E783D2618AD7D7D00D78B20 /* Foundation.framework in Frameworks */,
				ADD050CC668743E0B7EC0E0A /* libPods.a in Frameworks */,
				4ECE3DF118DFC13100DC26FB /* GooglePlus.framework in Frameworks */,
			);
			runOnlyForDeploymentPostprocessing = 0;
		};
/* End PBXFrameworksBuildPhase section */

/* Begin PBXGroup section */
		4E3B4C0018B61BF200D8B75B /* Utility */ = {
			isa = PBXGroup;
			children = (
				4E84011B18E3468F00E3AB34 /* TNNotification.h */,
				4E84011C18E3468F00E3AB34 /* TNNotification.m */,
				4EBB4E9418D7B5F7008BB571 /* TNTypeEnum.h */,
				4E4E1BD418AD98E000B87E7A /* UIColor+TNColors.h */,
				4E4E1BD518AD98E000B87E7A /* UIColor+TNColors.m */,
			);
			name = Utility;
			sourceTree = "<group>";
		};
		4E3B4C0218B61C0C00D8B75B /* Registration */ = {
			isa = PBXGroup;
			children = (
				4EBB4E9618D7B60F008BB571 /* TNFormViewController.h */,
				4EBB4E9518D7B60F008BB571 /* TNFormViewController.m */,
				4E4E1BBC18AD989300B87E7A /* TNLoginViewController.h */,
				4E4E1BBD18AD989300B87E7A /* TNLoginViewController.m */,
			);
			name = Registration;
			sourceTree = "<group>";
		};
		4E4E1BDA18AD98E500B87E7A /* Fonts */ = {
			isa = PBXGroup;
			children = (
				4E4E1BD118AD98E000B87E7A /* Entypo.ttf */,
				4E4E1BD218AD98E000B87E7A /* Montserrat-Bold.ttf */,
				4E4E1BD318AD98E000B87E7A /* Montserrat-Regular.ttf */,
			);
			name = Fonts;
			sourceTree = "<group>";
		};
		4E783D1918AD7D7D00D78B20 = {
			isa = PBXGroup;
			children = (
				4E783D2B18AD7D7D00D78B20 /* thenews */,
				4E783D4418AD7D7D00D78B20 /* thenewsTests */,
				4E783D2418AD7D7D00D78B20 /* Frameworks */,
				4E783D2318AD7D7D00D78B20 /* Products */,
				2D3DAD6C1599406AAE6A11E1 /* Pods.xcconfig */,
			);
			sourceTree = "<group>";
		};
		4E783D2318AD7D7D00D78B20 /* Products */ = {
			isa = PBXGroup;
			children = (
				4E783D2218AD7D7D00D78B20 /* The News.app */,
			);
			name = Products;
			sourceTree = "<group>";
		};
		4E783D2418AD7D7D00D78B20 /* Frameworks */ = {
			isa = PBXGroup;
			children = (
				4ECE3DEC18DFC13100DC26FB /* GoogleOpenSource.framework */,
				4ECE3DED18DFC13100DC26FB /* GooglePlus.bundle */,
				4ECE3DEE18DFC13100DC26FB /* GooglePlus.framework */,
				C6B1509118DD6D3A003F2A88 /* CoreMotion.framework */,
				C6B1508F18DD6D18003F2A88 /* CoreLocation.framework */,
				C6B1508D18DD6CF0003F2A88 /* MediaPlayer.framework */,
				C6B1508B18DD6CDF003F2A88 /* AddressBook.framework */,
				C6B14C2318DD5D8A003F2A88 /* Security.framework */,
				4E783D2518AD7D7D00D78B20 /* Foundation.framework */,
				4E783D2718AD7D7D00D78B20 /* CoreGraphics.framework */,
				4E783D2918AD7D7D00D78B20 /* UIKit.framework */,
				4E783D3E18AD7D7D00D78B20 /* XCTest.framework */,
				C05D4F76DE524C07AE8AB7E9 /* libPods.a */,
			);
			name = Frameworks;
			sourceTree = "<group>";
		};
		4E783D2B18AD7D7D00D78B20 /* thenews */ = {
			isa = PBXGroup;
			children = (
				4E783D3418AD7D7D00D78B20 /* TNAppDelegate.h */,
				4E783D3518AD7D7D00D78B20 /* TNAppDelegate.m */,
				4E3B4C0018B61BF200D8B75B /* Utility */,
				4E783D5418AD7E5900D78B20 /* Controllers */,
				4E783D5718AD7E7B00D78B20 /* Views */,
				4E84010418E1783C00E3AB34 /* DesignerNewsAPIClient */,
				4E783D2C18AD7D7D00D78B20 /* Supporting Files */,
				4E783D3718AD7D7D00D78B20 /* Images.xcassets */,
			);
			path = thenews;
			sourceTree = "<group>";
		};
		4E783D2C18AD7D7D00D78B20 /* Supporting Files */ = {
			isa = PBXGroup;
			children = (
				4E4E1BDA18AD98E500B87E7A /* Fonts */,
				4E783D2D18AD7D7D00D78B20 /* The News-Info.plist */,
				4E783D2E18AD7D7D00D78B20 /* InfoPlist.strings */,
				4E783D3118AD7D7D00D78B20 /* main.m */,
				4E783D3318AD7D7D00D78B20 /* The News-Prefix.pch */,
			);
			name = "Supporting Files";
			sourceTree = "<group>";
		};
		4E783D4418AD7D7D00D78B20 /* thenewsTests */ = {
			isa = PBXGroup;
			children = (
				4E783D4A18AD7D7D00D78B20 /* thenewsTests.m */,
				4E783D4518AD7D7D00D78B20 /* Supporting Files */,
			);
			path = thenewsTests;
			sourceTree = "<group>";
		};
		4E783D4518AD7D7D00D78B20 /* Supporting Files */ = {
			isa = PBXGroup;
			children = (
				4E783D4618AD7D7D00D78B20 /* The NewsTests-Info.plist */,
				4E783D4718AD7D7D00D78B20 /* InfoPlist.strings */,
			);
			name = "Supporting Files";
			sourceTree = "<group>";
		};
		4E783D5418AD7E5900D78B20 /* Controllers */ = {
			isa = PBXGroup;
			children = (
				4E4E1BBA18AD989300B87E7A /* TNLaunchViewController.h */,
				4E4E1BBB18AD989300B87E7A /* TNLaunchViewController.m */,
				4E3B4C0218B61C0C00D8B75B /* Registration */,
				4E4E1BB818AD989300B87E7A /* TNHomeViewController.h */,
				4E4E1BB918AD989300B87E7A /* TNHomeViewController.m */,
				4EBB4E9B18D7B626008BB571 /* TNContainerViewController.h */,
				4EBB4E9A18D7B626008BB571 /* TNContainerViewController.m */,
				4E84011518E17B4F00E3AB34 /* DNFeedViewController.h */,
				4E84011618E17B4F00E3AB34 /* DNFeedViewController.m */,
				4EC1409118F12F350082E3C3 /* HNFeedViewController.h */,
				4EC1409218F12F350082E3C3 /* HNFeedViewController.m */,
				4EBB4E9918D7B626008BB571 /* TNPostViewController.h */,
				4EBB4E9818D7B626008BB571 /* TNPostViewController.m */,
				C620B90918E2403F007AB81D /* TNCommentsViewController.h */,
				C620B90A18E2403F007AB81D /* TNCommentsViewController.m */,
			);
			name = Controllers;
			sourceTree = "<group>";
		};
		4E783D5718AD7E7B00D78B20 /* Views */ = {
			isa = PBXGroup;
			children = (
				4E4E1BC518AD98A100B87E7A /* TNButton.h */,
				4E4E1BC618AD98A100B87E7A /* TNButton.m */,
				4E4E1BC918AD98A100B87E7A /* TNTextField.h */,
				4E4E1BCA18AD98A100B87E7A /* TNTextField.m */,
				4EC1409A18F149A30082E3C3 /* FeedViewCell */,
				4EBB4EA218D7B655008BB571 /* TNMenuView.h */,
				4EBB4EA118D7B655008BB571 /* TNMenuView.m */,
				C620B90618E23F8B007AB81D /* TNCommentCell.h */,
				C620B90718E23F8B007AB81D /* TNCommentCell.m */,
				4E8402F518E4FDCD00E3AB34 /* TNRefreshView.h */,
				4E8402F618E4FDCD00E3AB34 /* TNRefreshView.m */,
			);
			name = Views;
			sourceTree = "<group>";
		};
		4E84010418E1783C00E3AB34 /* DesignerNewsAPIClient */ = {
			isa = PBXGroup;
			children = (
				4E84010518E1783C00E3AB34 /* DesignerNewsAPIClient.h */,
				4E84010618E1783C00E3AB34 /* DesignerNewsAPIClient.m */,
				4E84010718E1783C00E3AB34 /* Models */,
			);
			path = DesignerNewsAPIClient;
			sourceTree = "<group>";
		};
		4E84010718E1783C00E3AB34 /* Models */ = {
			isa = PBXGroup;
			children = (
				4E84010818E1783C00E3AB34 /* DNComment.h */,
				4E84010918E1783C00E3AB34 /* DNComment.m */,
				4E84010A18E1783C00E3AB34 /* DNMOTD.h */,
				4E84010B18E1783C00E3AB34 /* DNMOTD.m */,
				4E84010C18E1783C00E3AB34 /* DNStory.h */,
				4E84010D18E1783C00E3AB34 /* DNStory.m */,
				4E84010E18E1783C00E3AB34 /* DNUser.h */,
				4E84010F18E1783C00E3AB34 /* DNUser.m */,
			);
			path = Models;
			sourceTree = "<group>";
		};
		4EC1409A18F149A30082E3C3 /* FeedViewCell */ = {
			isa = PBXGroup;
			children = (
				4E4E1BC718AD98A100B87E7A /* TNFeedViewCell.h */,
				4E4E1BC818AD98A100B87E7A /* TNFeedViewCell.m */,
				4EC1409418F145330082E3C3 /* DNFeedViewCell.h */,
				4EC1409518F145330082E3C3 /* DNFeedViewCell.m */,
				4EC1409718F145D20082E3C3 /* HNFeedViewCell.h */,
				4EC1409818F145D20082E3C3 /* HNFeedViewCell.m */,
			);
			name = FeedViewCell;
			sourceTree = "<group>";
		};
/* End PBXGroup section */

/* Begin PBXNativeTarget section */
		4E783D2118AD7D7D00D78B20 /* The News */ = {
			isa = PBXNativeTarget;
			buildConfigurationList = 4E783D4E18AD7D7D00D78B20 /* Build configuration list for PBXNativeTarget "The News" */;
			buildPhases = (
				FBE8F175B6E54437A44FB817 /* Check Pods Manifest.lock */,
				4E783D1E18AD7D7D00D78B20 /* Sources */,
				4E783D1F18AD7D7D00D78B20 /* Frameworks */,
				4E783D2018AD7D7D00D78B20 /* Resources */,
				927D59A256414F6685E9C873 /* Copy Pods Resources */,
			);
			buildRules = (
			);
			dependencies = (
			);
			name = "The News";
			productName = thenews;
			productReference = 4E783D2218AD7D7D00D78B20 /* The News.app */;
			productType = "com.apple.product-type.application";
		};
/* End PBXNativeTarget section */

/* Begin PBXProject section */
		4E783D1A18AD7D7D00D78B20 /* Project object */ = {
			isa = PBXProject;
			attributes = {
				CLASSPREFIX = TN;
				LastUpgradeCheck = 0510;
				ORGANIZATIONNAME = "Tosin Afolabi";
				TargetAttributes = {
					4E783D2118AD7D7D00D78B20 = {
						DevelopmentTeam = 3XXD9JUN7B;
					};
				};
			};
			buildConfigurationList = 4E783D1D18AD7D7D00D78B20 /* Build configuration list for PBXProject "The News" */;
			compatibilityVersion = "Xcode 3.2";
			developmentRegion = English;
			hasScannedForEncodings = 0;
			knownRegions = (
				en,
			);
			mainGroup = 4E783D1918AD7D7D00D78B20;
			productRefGroup = 4E783D2318AD7D7D00D78B20 /* Products */;
			projectDirPath = "";
			projectRoot = "";
			targets = (
				4E783D2118AD7D7D00D78B20 /* The News */,
			);
		};
/* End PBXProject section */

/* Begin PBXResourcesBuildPhase section */
		4E783D2018AD7D7D00D78B20 /* Resources */ = {
			isa = PBXResourcesBuildPhase;
			buildActionMask = 2147483647;
			files = (
				4E4E1BD718AD98E000B87E7A /* Montserrat-Bold.ttf in Resources */,
				4E783D3018AD7D7D00D78B20 /* InfoPlist.strings in Resources */,
				4E4E1BD618AD98E000B87E7A /* Entypo.ttf in Resources */,
				4E4E1BD818AD98E000B87E7A /* Montserrat-Regular.ttf in Resources */,
				4ECE3DF018DFC13100DC26FB /* GooglePlus.bundle in Resources */,
				4E783D3818AD7D7D00D78B20 /* Images.xcassets in Resources */,
			);
			runOnlyForDeploymentPostprocessing = 0;
		};
/* End PBXResourcesBuildPhase section */

/* Begin PBXShellScriptBuildPhase section */
		927D59A256414F6685E9C873 /* Copy Pods Resources */ = {
			isa = PBXShellScriptBuildPhase;
			buildActionMask = 2147483647;
			files = (
			);
			inputPaths = (
			);
			name = "Copy Pods Resources";
			outputPaths = (
			);
			runOnlyForDeploymentPostprocessing = 0;
			shellPath = /bin/sh;
			shellScript = "\"${SRCROOT}/Pods/Pods-resources.sh\"\n";
			showEnvVarsInLog = 0;
		};
		FBE8F175B6E54437A44FB817 /* Check Pods Manifest.lock */ = {
			isa = PBXShellScriptBuildPhase;
			buildActionMask = 2147483647;
			files = (
			);
			inputPaths = (
			);
			name = "Check Pods Manifest.lock";
			outputPaths = (
			);
			runOnlyForDeploymentPostprocessing = 0;
			shellPath = /bin/sh;
			shellScript = "diff \"${PODS_ROOT}/../Podfile.lock\" \"${PODS_ROOT}/Manifest.lock\" > /dev/null\nif [[ $? != 0 ]] ; then\n    cat << EOM\nerror: The sandbox is not in sync with the Podfile.lock. Run 'pod install' or update your CocoaPods installation.\nEOM\n    exit 1\nfi\n";
			showEnvVarsInLog = 0;
		};
/* End PBXShellScriptBuildPhase section */

/* Begin PBXSourcesBuildPhase section */
		4E783D1E18AD7D7D00D78B20 /* Sources */ = {
			isa = PBXSourcesBuildPhase;
			buildActionMask = 2147483647;
			files = (
				4E783D3618AD7D7D00D78B20 /* TNAppDelegate.m in Sources */,
				4E84011218E1783C00E3AB34 /* DNMOTD.m in Sources */,
				4E4E1BCC18AD98A100B87E7A /* TNFeedViewCell.m in Sources */,
				4E4E1BCB18AD98A100B87E7A /* TNButton.m in Sources */,
				4E84011718E17B4F00E3AB34 /* DNFeedViewController.m in Sources */,
				4E4E1BC218AD989300B87E7A /* TNLaunchViewController.m in Sources */,
				4EBB4E9E18D7B626008BB571 /* TNPostViewController.m in Sources */,
				C620B90818E23F8B007AB81D /* TNCommentCell.m in Sources */,
				4E84011118E1783C00E3AB34 /* DNComment.m in Sources */,
				4E8402F718E4FDCD00E3AB34 /* TNRefreshView.m in Sources */,
				4E84011318E1783C00E3AB34 /* DNStory.m in Sources */,
				4EC1409618F145330082E3C3 /* DNFeedViewCell.m in Sources */,
				4E4E1BC118AD989300B87E7A /* TNHomeViewController.m in Sources */,
				4E4E1BD918AD98E000B87E7A /* UIColor+TNColors.m in Sources */,
				4EBB4E9718D7B60F008BB571 /* TNFormViewController.m in Sources */,
				4EC1409318F12F350082E3C3 /* HNFeedViewController.m in Sources */,
				4E84011018E1783C00E3AB34 /* DesignerNewsAPIClient.m in Sources */,
				4E4E1BC318AD989300B87E7A /* TNLoginViewController.m in Sources */,
				4EBB4E9F18D7B626008BB571 /* TNContainerViewController.m in Sources */,
				4EBB4EA518D7B655008BB571 /* TNMenuView.m in Sources */,
				4EC1409918F145D20082E3C3 /* HNFeedViewCell.m in Sources */,
				4E84011418E1783C00E3AB34 /* DNUser.m in Sources */,
				4E783D3218AD7D7D00D78B20 /* main.m in Sources */,
				C620B90B18E2403F007AB81D /* TNCommentsViewController.m in Sources */,
				4E84011D18E3468F00E3AB34 /* TNNotification.m in Sources */,
				4E4E1BCD18AD98A100B87E7A /* TNTextField.m in Sources */,
			);
			runOnlyForDeploymentPostprocessing = 0;
		};
/* End PBXSourcesBuildPhase section */

/* Begin PBXVariantGroup section */
		4E783D2E18AD7D7D00D78B20 /* InfoPlist.strings */ = {
			isa = PBXVariantGroup;
			children = (
				4E783D2F18AD7D7D00D78B20 /* en */,
			);
			name = InfoPlist.strings;
			sourceTree = "<group>";
		};
		4E783D4718AD7D7D00D78B20 /* InfoPlist.strings */ = {
			isa = PBXVariantGroup;
			children = (
				4E783D4818AD7D7D00D78B20 /* en */,
			);
			name = InfoPlist.strings;
			sourceTree = "<group>";
		};
/* End PBXVariantGroup section */

/* Begin XCBuildConfiguration section */
		4E783D4C18AD7D7D00D78B20 /* Debug */ = {
			isa = XCBuildConfiguration;
			buildSettings = {
				ALWAYS_SEARCH_USER_PATHS = NO;
				CLANG_CXX_LANGUAGE_STANDARD = "gnu++0x";
				CLANG_CXX_LIBRARY = "libc++";
				CLANG_ENABLE_MODULES = YES;
				CLANG_ENABLE_OBJC_ARC = YES;
				CLANG_WARN_BOOL_CONVERSION = YES;
				CLANG_WARN_CONSTANT_CONVERSION = YES;
				CLANG_WARN_DIRECT_OBJC_ISA_USAGE = YES_ERROR;
				CLANG_WARN_EMPTY_BODY = YES;
				CLANG_WARN_ENUM_CONVERSION = YES;
				CLANG_WARN_INT_CONVERSION = YES;
				CLANG_WARN_OBJC_ROOT_CLASS = YES_ERROR;
				CLANG_WARN__DUPLICATE_METHOD_MATCH = YES;
				"CODE_SIGN_IDENTITY[sdk=iphoneos*]" = "iPhone Developer";
				COPY_PHASE_STRIP = NO;
				GCC_C_LANGUAGE_STANDARD = gnu99;
				GCC_DYNAMIC_NO_PIC = NO;
				GCC_OPTIMIZATION_LEVEL = 0;
				GCC_PREPROCESSOR_DEFINITIONS = (
					"DEBUG=1",
					"$(inherited)",
				);
				GCC_SYMBOLS_PRIVATE_EXTERN = NO;
				GCC_WARN_64_TO_32_BIT_CONVERSION = YES;
				GCC_WARN_ABOUT_RETURN_TYPE = YES_ERROR;
				GCC_WARN_UNDECLARED_SELECTOR = YES;
				GCC_WARN_UNINITIALIZED_AUTOS = YES;
				GCC_WARN_UNUSED_FUNCTION = YES;
				GCC_WARN_UNUSED_VARIABLE = YES;
				IPHONEOS_DEPLOYMENT_TARGET = 7.0;
				ONLY_ACTIVE_ARCH = YES;
				SDKROOT = iphoneos;
			};
			name = Debug;
		};
		4E783D4D18AD7D7D00D78B20 /* Release */ = {
			isa = XCBuildConfiguration;
			buildSettings = {
				ALWAYS_SEARCH_USER_PATHS = NO;
				CLANG_CXX_LANGUAGE_STANDARD = "gnu++0x";
				CLANG_CXX_LIBRARY = "libc++";
				CLANG_ENABLE_MODULES = YES;
				CLANG_ENABLE_OBJC_ARC = YES;
				CLANG_WARN_BOOL_CONVERSION = YES;
				CLANG_WARN_CONSTANT_CONVERSION = YES;
				CLANG_WARN_DIRECT_OBJC_ISA_USAGE = YES_ERROR;
				CLANG_WARN_EMPTY_BODY = YES;
				CLANG_WARN_ENUM_CONVERSION = YES;
				CLANG_WARN_INT_CONVERSION = YES;
				CLANG_WARN_OBJC_ROOT_CLASS = YES_ERROR;
				CLANG_WARN__DUPLICATE_METHOD_MATCH = YES;
				"CODE_SIGN_IDENTITY[sdk=iphoneos*]" = "iPhone Developer";
				COPY_PHASE_STRIP = YES;
				ENABLE_NS_ASSERTIONS = NO;
				GCC_C_LANGUAGE_STANDARD = gnu99;
				GCC_WARN_64_TO_32_BIT_CONVERSION = YES;
				GCC_WARN_ABOUT_RETURN_TYPE = YES_ERROR;
				GCC_WARN_UNDECLARED_SELECTOR = YES;
				GCC_WARN_UNINITIALIZED_AUTOS = YES;
				GCC_WARN_UNUSED_FUNCTION = YES;
				GCC_WARN_UNUSED_VARIABLE = YES;
				IPHONEOS_DEPLOYMENT_TARGET = 7.0;
				SDKROOT = iphoneos;
				VALIDATE_PRODUCT = YES;
			};
			name = Release;
		};
		4E783D4F18AD7D7D00D78B20 /* Debug */ = {
			isa = XCBuildConfiguration;
			baseConfigurationReference = 2D3DAD6C1599406AAE6A11E1 /* Pods.xcconfig */;
			buildSettings = {
				ASSETCATALOG_COMPILER_APPICON_NAME = AppIcon;
				ASSETCATALOG_COMPILER_LAUNCHIMAGE_NAME = LaunchImage;
				CODE_SIGN_IDENTITY = "iPhone Developer";
				FRAMEWORK_SEARCH_PATHS = (
					"$(inherited)",
					"$(PROJECT_DIR)",
					"$(PROJECT_DIR)/thenews/Utility",
					"$(PROJECT_DIR)/Pods/OvershareKit/Dependencies/GooglePlus-SDK",
				);
				GCC_PRECOMPILE_PREFIX_HEADER = YES;
				GCC_PREFIX_HEADER = "thenews/The News-Prefix.pch";
				INFOPLIST_FILE = "thenews/The News-Info.plist";
				IPHONEOS_DEPLOYMENT_TARGET = 7.0;
				OTHER_LDFLAGS = "-ObjC";
				PRODUCT_NAME = "The News";
				WRAPPER_EXTENSION = app;
			};
			name = Debug;
		};
		4E783D5018AD7D7D00D78B20 /* Release */ = {
			isa = XCBuildConfiguration;
			baseConfigurationReference = 2D3DAD6C1599406AAE6A11E1 /* Pods.xcconfig */;
			buildSettings = {
				ASSETCATALOG_COMPILER_APPICON_NAME = AppIcon;
				ASSETCATALOG_COMPILER_LAUNCHIMAGE_NAME = LaunchImage;
				CODE_SIGN_IDENTITY = "iPhone Developer";
				FRAMEWORK_SEARCH_PATHS = (
					"$(inherited)",
					"$(PROJECT_DIR)",
					"$(PROJECT_DIR)/thenews/Utility",
					"$(PROJECT_DIR)/Pods/OvershareKit/Dependencies/GooglePlus-SDK",
				);
				GCC_PRECOMPILE_PREFIX_HEADER = YES;
				GCC_PREFIX_HEADER = "thenews/The News-Prefix.pch";
				INFOPLIST_FILE = "thenews/The News-Info.plist";
				IPHONEOS_DEPLOYMENT_TARGET = 7.0;
				OTHER_LDFLAGS = "-ObjC";
				PRODUCT_NAME = "The News";
				WRAPPER_EXTENSION = app;
			};
			name = Release;
		};
/* End XCBuildConfiguration section */

/* Begin XCConfigurationList section */
		4E783D1D18AD7D7D00D78B20 /* Build configuration list for PBXProject "The News" */ = {
			isa = XCConfigurationList;
			buildConfigurations = (
				4E783D4C18AD7D7D00D78B20 /* Debug */,
				4E783D4D18AD7D7D00D78B20 /* Release */,
			);
			defaultConfigurationIsVisible = 0;
			defaultConfigurationName = Release;
		};
		4E783D4E18AD7D7D00D78B20 /* Build configuration list for PBXNativeTarget "The News" */ = {
			isa = XCConfigurationList;
			buildConfigurations = (
				4E783D4F18AD7D7D00D78B20 /* Debug */,
				4E783D5018AD7D7D00D78B20 /* Release */,
			);
			defaultConfigurationIsVisible = 0;
			defaultConfigurationName = Release;
		};
/* End XCConfigurationList section */
	};
	rootObject = 4E783D1A18AD7D7D00D78B20 /* Project object */;
}
